// !$*UTF8*$!
{
	archiveVersion = 1;
	classes = {
	};
	objectVersion = 46;
	objects = {

/* Begin PBXBuildFile section */
		7A5DB5A51C2F2B1900A45822 /* WhereAmI.framework in Frameworks */ = {isa = PBXBuildFile; fileRef = 7A5DB5A01C2F2B0800A45822 /* WhereAmI.framework */; };
		7A5DB5A61C2F2B1900A45822 /* WhereAmI.framework in Embed Frameworks */ = {isa = PBXBuildFile; fileRef = 7A5DB5A01C2F2B0800A45822 /* WhereAmI.framework */; settings = {ATTRIBUTES = (CodeSignOnCopy, RemoveHeadersOnCopy, ); }; };
		7A5DB5A91C2F2B1F00A45822 /* WhereAmI.framework in Frameworks */ = {isa = PBXBuildFile; fileRef = 7A5DB5A21C2F2B0800A45822 /* WhereAmI.framework */; };
		7A5DB5AA1C2F2B1F00A45822 /* WhereAmI.framework in Embed Frameworks */ = {isa = PBXBuildFile; fileRef = 7A5DB5A21C2F2B0800A45822 /* WhereAmI.framework */; settings = {ATTRIBUTES = (CodeSignOnCopy, RemoveHeadersOnCopy, ); }; };
		7A5DB5C51C2F358D00A45822 /* AppDelegate.swift in Sources */ = {isa = PBXBuildFile; fileRef = 7A5DB5C41C2F358D00A45822 /* AppDelegate.swift */; };
		7A5DB5C71C2F358D00A45822 /* ViewController.swift in Sources */ = {isa = PBXBuildFile; fileRef = 7A5DB5C61C2F358D00A45822 /* ViewController.swift */; };
		7A5DB5CA1C2F358D00A45822 /* Main.storyboard in Resources */ = {isa = PBXBuildFile; fileRef = 7A5DB5C81C2F358D00A45822 /* Main.storyboard */; };
		7A5DB5CC1C2F358D00A45822 /* Assets.xcassets in Resources */ = {isa = PBXBuildFile; fileRef = 7A5DB5CB1C2F358D00A45822 /* Assets.xcassets */; };
		7A5DB5D41C2F35A300A45822 /* WhereAmI.framework in Frameworks */ = {isa = PBXBuildFile; fileRef = 7A5DB5D21C2F358D00A45822 /* WhereAmI.framework */; };
		7A5DB5D51C2F35A300A45822 /* WhereAmI.framework in Embed Frameworks */ = {isa = PBXBuildFile; fileRef = 7A5DB5D21C2F358D00A45822 /* WhereAmI.framework */; settings = {ATTRIBUTES = (CodeSignOnCopy, RemoveHeadersOnCopy, ); }; };
		7A8DACBE1C2F0B4100781844 /* Interface.storyboard in Resources */ = {isa = PBXBuildFile; fileRef = 7A8DACBC1C2F0B4100781844 /* Interface.storyboard */; };
		7A8DACC01C2F0B4100781844 /* Assets.xcassets in Resources */ = {isa = PBXBuildFile; fileRef = 7A8DACBF1C2F0B4100781844 /* Assets.xcassets */; };
		7A8DACC71C2F0B4100781844 /* watchOS Example Extension.appex in Embed App Extensions */ = {isa = PBXBuildFile; fileRef = 7A8DACC61C2F0B4100781844 /* watchOS Example Extension.appex */; settings = {ATTRIBUTES = (RemoveHeadersOnCopy, ); }; };
		7A8DACCC1C2F0B4100781844 /* InterfaceController.swift in Sources */ = {isa = PBXBuildFile; fileRef = 7A8DACCB1C2F0B4100781844 /* InterfaceController.swift */; };
		7A8DACCE1C2F0B4100781844 /* ExtensionDelegate.swift in Sources */ = {isa = PBXBuildFile; fileRef = 7A8DACCD1C2F0B4100781844 /* ExtensionDelegate.swift */; };
		7A8DACD01C2F0B4100781844 /* Assets.xcassets in Resources */ = {isa = PBXBuildFile; fileRef = 7A8DACCF1C2F0B4100781844 /* Assets.xcassets */; };
		7A8DACD41C2F0B4100781844 /* watchOS Example.app in Embed Watch Content */ = {isa = PBXBuildFile; fileRef = 7A8DACBA1C2F0B4100781844 /* watchOS Example.app */; };
		7A9B014A1A4979EA002F134A /* AppDelegate.swift in Sources */ = {isa = PBXBuildFile; fileRef = 7A9B01491A4979EA002F134A /* AppDelegate.swift */; };
		7A9B014C1A4979EA002F134A /* ViewController.swift in Sources */ = {isa = PBXBuildFile; fileRef = 7A9B014B1A4979EA002F134A /* ViewController.swift */; };
		7A9B014F1A4979EA002F134A /* Main.storyboard in Resources */ = {isa = PBXBuildFile; fileRef = 7A9B014D1A4979EA002F134A /* Main.storyboard */; };
		7A9B01511A4979EA002F134A /* Images.xcassets in Resources */ = {isa = PBXBuildFile; fileRef = 7A9B01501A4979EA002F134A /* Images.xcassets */; };
		7A9B01541A4979EA002F134A /* LaunchScreen.xib in Resources */ = {isa = PBXBuildFile; fileRef = 7A9B01521A4979EA002F134A /* LaunchScreen.xib */; };
/* End PBXBuildFile section */

/* Begin PBXContainerItemProxy section */
		7A5DB59F1C2F2B0800A45822 /* PBXContainerItemProxy */ = {
			isa = PBXContainerItemProxy;
			containerPortal = 7A5DB5991C2F2B0800A45822 /* WhereAmI.xcodeproj */;
			proxyType = 2;
			remoteGlobalIDString = 7A36501A1AECED5A001F98A8;
			remoteInfo = WhereAmI;
		};
		7A5DB5A11C2F2B0800A45822 /* PBXContainerItemProxy */ = {
			isa = PBXContainerItemProxy;
			containerPortal = 7A5DB5991C2F2B0800A45822 /* WhereAmI.xcodeproj */;
			proxyType = 2;
			remoteGlobalIDString = 7A8DACA71C2EFD0F00781844;
			remoteInfo = "WhereAmI watchOS";
		};
		7A5DB5A71C2F2B1900A45822 /* PBXContainerItemProxy */ = {
			isa = PBXContainerItemProxy;
			containerPortal = 7A5DB5991C2F2B0800A45822 /* WhereAmI.xcodeproj */;
			proxyType = 1;
			remoteGlobalIDString = 7A3650191AECED5A001F98A8;
			remoteInfo = WhereAmI;
		};
		7A5DB5AB1C2F2B2000A45822 /* PBXContainerItemProxy */ = {
			isa = PBXContainerItemProxy;
			containerPortal = 7A5DB5991C2F2B0800A45822 /* WhereAmI.xcodeproj */;
			proxyType = 1;
			remoteGlobalIDString = 7A8DACA61C2EFD0F00781844;
			remoteInfo = "WhereAmI watchOS";
		};
		7A5DB5D11C2F358D00A45822 /* PBXContainerItemProxy */ = {
			isa = PBXContainerItemProxy;
			containerPortal = 7A5DB5991C2F2B0800A45822 /* WhereAmI.xcodeproj */;
			proxyType = 2;
			remoteGlobalIDString = 7A5DB5B31C2F2C5100A45822;
			remoteInfo = "WhereAmI tvOS";
		};
		7A5DB5D61C2F35A300A45822 /* PBXContainerItemProxy */ = {
			isa = PBXContainerItemProxy;
			containerPortal = 7A5DB5991C2F2B0800A45822 /* WhereAmI.xcodeproj */;
			proxyType = 1;
			remoteGlobalIDString = 7A5DB5B21C2F2C5100A45822;
			remoteInfo = "WhereAmI tvOS";
		};
		7A8DACC81C2F0B4100781844 /* PBXContainerItemProxy */ = {
			isa = PBXContainerItemProxy;
			containerPortal = 7A9B013C1A4979EA002F134A /* Project object */;
			proxyType = 1;
			remoteGlobalIDString = 7A8DACC51C2F0B4100781844;
			remoteInfo = "watchOS Example Extension";
		};
		7A8DACD21C2F0B4100781844 /* PBXContainerItemProxy */ = {
			isa = PBXContainerItemProxy;
			containerPortal = 7A9B013C1A4979EA002F134A /* Project object */;
			proxyType = 1;
			remoteGlobalIDString = 7A8DACB91C2F0B4100781844;
			remoteInfo = "watchOS Example";
		};
/* End PBXContainerItemProxy section */

/* Begin PBXCopyFilesBuildPhase section */
		7A3650481AECF062001F98A8 /* Embed Frameworks */ = {
			isa = PBXCopyFilesBuildPhase;
			buildActionMask = 2147483647;
			dstPath = "";
			dstSubfolderSpec = 10;
			files = (
				7A5DB5A61C2F2B1900A45822 /* WhereAmI.framework in Embed Frameworks */,
			);
			name = "Embed Frameworks";
			runOnlyForDeploymentPostprocessing = 0;
		};
		7A5DB5AD1C2F2B2000A45822 /* Embed Frameworks */ = {
			isa = PBXCopyFilesBuildPhase;
			buildActionMask = 2147483647;
			dstPath = "";
			dstSubfolderSpec = 10;
			files = (
				7A5DB5AA1C2F2B1F00A45822 /* WhereAmI.framework in Embed Frameworks */,
			);
			name = "Embed Frameworks";
			runOnlyForDeploymentPostprocessing = 0;
		};
		7A5DB5D81C2F35A300A45822 /* Embed Frameworks */ = {
			isa = PBXCopyFilesBuildPhase;
			buildActionMask = 2147483647;
			dstPath = "";
			dstSubfolderSpec = 10;
			files = (
				7A5DB5D51C2F35A300A45822 /* WhereAmI.framework in Embed Frameworks */,
			);
			name = "Embed Frameworks";
			runOnlyForDeploymentPostprocessing = 0;
		};
		7A8DACD81C2F0B4100781844 /* Embed App Extensions */ = {
			isa = PBXCopyFilesBuildPhase;
			buildActionMask = 2147483647;
			dstPath = "";
			dstSubfolderSpec = 13;
			files = (
				7A8DACC71C2F0B4100781844 /* watchOS Example Extension.appex in Embed App Extensions */,
			);
			name = "Embed App Extensions";
			runOnlyForDeploymentPostprocessing = 0;
		};
		7A8DACDC1C2F0B4100781844 /* Embed Watch Content */ = {
			isa = PBXCopyFilesBuildPhase;
			buildActionMask = 2147483647;
			dstPath = "$(CONTENTS_FOLDER_PATH)/Watch";
			dstSubfolderSpec = 16;
			files = (
				7A8DACD41C2F0B4100781844 /* watchOS Example.app in Embed Watch Content */,
			);
			name = "Embed Watch Content";
			runOnlyForDeploymentPostprocessing = 0;
		};
/* End PBXCopyFilesBuildPhase section */

/* Begin PBXFileReference section */
		7A5DB5991C2F2B0800A45822 /* WhereAmI.xcodeproj */ = {isa = PBXFileReference; lastKnownFileType = "wrapper.pb-project"; name = WhereAmI.xcodeproj; path = ../WhereAmI.xcodeproj; sourceTree = "<group>"; };
		7A5DB5C21C2F358D00A45822 /* tvOS Example.app */ = {isa = PBXFileReference; explicitFileType = wrapper.application; includeInIndex = 0; path = "tvOS Example.app"; sourceTree = BUILT_PRODUCTS_DIR; };
		7A5DB5C41C2F358D00A45822 /* AppDelegate.swift */ = {isa = PBXFileReference; lastKnownFileType = sourcecode.swift; path = AppDelegate.swift; sourceTree = "<group>"; };
		7A5DB5C61C2F358D00A45822 /* ViewController.swift */ = {isa = PBXFileReference; lastKnownFileType = sourcecode.swift; path = ViewController.swift; sourceTree = "<group>"; };
		7A5DB5C91C2F358D00A45822 /* Base */ = {isa = PBXFileReference; lastKnownFileType = file.storyboard; name = Base; path = Base.lproj/Main.storyboard; sourceTree = "<group>"; };
		7A5DB5CB1C2F358D00A45822 /* Assets.xcassets */ = {isa = PBXFileReference; lastKnownFileType = folder.assetcatalog; path = Assets.xcassets; sourceTree = "<group>"; };
		7A5DB5CD1C2F358D00A45822 /* Info.plist */ = {isa = PBXFileReference; lastKnownFileType = text.plist.xml; path = Info.plist; sourceTree = "<group>"; };
		7A8DACBA1C2F0B4100781844 /* watchOS Example.app */ = {isa = PBXFileReference; explicitFileType = wrapper.application; includeInIndex = 0; path = "watchOS Example.app"; sourceTree = BUILT_PRODUCTS_DIR; };
		7A8DACBD1C2F0B4100781844 /* Base */ = {isa = PBXFileReference; lastKnownFileType = file.storyboard; name = Base; path = Base.lproj/Interface.storyboard; sourceTree = "<group>"; };
		7A8DACBF1C2F0B4100781844 /* Assets.xcassets */ = {isa = PBXFileReference; lastKnownFileType = folder.assetcatalog; path = Assets.xcassets; sourceTree = "<group>"; };
		7A8DACC11C2F0B4100781844 /* Info.plist */ = {isa = PBXFileReference; lastKnownFileType = text.plist.xml; path = Info.plist; sourceTree = "<group>"; };
		7A8DACC61C2F0B4100781844 /* watchOS Example Extension.appex */ = {isa = PBXFileReference; explicitFileType = "wrapper.app-extension"; includeInIndex = 0; path = "watchOS Example Extension.appex"; sourceTree = BUILT_PRODUCTS_DIR; };
		7A8DACCB1C2F0B4100781844 /* InterfaceController.swift */ = {isa = PBXFileReference; lastKnownFileType = sourcecode.swift; path = InterfaceController.swift; sourceTree = "<group>"; };
		7A8DACCD1C2F0B4100781844 /* ExtensionDelegate.swift */ = {isa = PBXFileReference; lastKnownFileType = sourcecode.swift; path = ExtensionDelegate.swift; sourceTree = "<group>"; };
		7A8DACCF1C2F0B4100781844 /* Assets.xcassets */ = {isa = PBXFileReference; lastKnownFileType = folder.assetcatalog; path = Assets.xcassets; sourceTree = "<group>"; };
		7A8DACD11C2F0B4100781844 /* Info.plist */ = {isa = PBXFileReference; lastKnownFileType = text.plist.xml; path = Info.plist; sourceTree = "<group>"; };
		7A9B01441A4979EA002F134A /* Where Am I Demo.app */ = {isa = PBXFileReference; explicitFileType = wrapper.application; includeInIndex = 0; path = "Where Am I Demo.app"; sourceTree = BUILT_PRODUCTS_DIR; };
		7A9B01481A4979EA002F134A /* Info.plist */ = {isa = PBXFileReference; lastKnownFileType = text.plist.xml; path = Info.plist; sourceTree = "<group>"; };
		7A9B01491A4979EA002F134A /* AppDelegate.swift */ = {isa = PBXFileReference; lastKnownFileType = sourcecode.swift; path = AppDelegate.swift; sourceTree = "<group>"; };
		7A9B014B1A4979EA002F134A /* ViewController.swift */ = {isa = PBXFileReference; lastKnownFileType = sourcecode.swift; path = ViewController.swift; sourceTree = "<group>"; };
		7A9B014E1A4979EA002F134A /* Base */ = {isa = PBXFileReference; lastKnownFileType = file.storyboard; name = Base; path = Base.lproj/Main.storyboard; sourceTree = "<group>"; };
		7A9B01501A4979EA002F134A /* Images.xcassets */ = {isa = PBXFileReference; lastKnownFileType = folder.assetcatalog; path = Images.xcassets; sourceTree = "<group>"; };
		7A9B01531A4979EA002F134A /* Base */ = {isa = PBXFileReference; lastKnownFileType = file.xib; name = Base; path = Base.lproj/LaunchScreen.xib; sourceTree = "<group>"; };
/* End PBXFileReference section */

/* Begin PBXFrameworksBuildPhase section */
		7A5DB5BF1C2F358D00A45822 /* Frameworks */ = {
			isa = PBXFrameworksBuildPhase;
			buildActionMask = 2147483647;
			files = (
				7A5DB5D41C2F35A300A45822 /* WhereAmI.framework in Frameworks */,
			);
			runOnlyForDeploymentPostprocessing = 0;
		};
		7A8DACC31C2F0B4100781844 /* Frameworks */ = {
			isa = PBXFrameworksBuildPhase;
			buildActionMask = 2147483647;
			files = (
				7A5DB5A91C2F2B1F00A45822 /* WhereAmI.framework in Frameworks */,
			);
			runOnlyForDeploymentPostprocessing = 0;
		};
		7A9B01411A4979EA002F134A /* Frameworks */ = {
			isa = PBXFrameworksBuildPhase;
			buildActionMask = 2147483647;
			files = (
				7A5DB5A51C2F2B1900A45822 /* WhereAmI.framework in Frameworks */,
			);
			runOnlyForDeploymentPostprocessing = 0;
		};
/* End PBXFrameworksBuildPhase section */

/* Begin PBXGroup section */
		7A5DB59A1C2F2B0800A45822 /* Products */ = {
			isa = PBXGroup;
			children = (
				7A5DB5A01C2F2B0800A45822 /* WhereAmI.framework */,
				7A5DB5A21C2F2B0800A45822 /* WhereAmI.framework */,
				7A5DB5D21C2F358D00A45822 /* WhereAmI.framework */,
			);
			name = Products;
			sourceTree = "<group>";
		};
		7A5DB5C31C2F358D00A45822 /* tvOS Example */ = {
			isa = PBXGroup;
			children = (
				7A5DB5C41C2F358D00A45822 /* AppDelegate.swift */,
				7A5DB5C61C2F358D00A45822 /* ViewController.swift */,
				7A5DB5C81C2F358D00A45822 /* Main.storyboard */,
				7A5DB5CB1C2F358D00A45822 /* Assets.xcassets */,
				7A5DB5CD1C2F358D00A45822 /* Info.plist */,
			);
			name = "tvOS Example";
			path = "tvOS Exampple";
			sourceTree = "<group>";
		};
		7A8DACB71C2F04EE00781844 /* Frameworks */ = {
			isa = PBXGroup;
			children = (
			);
			name = Frameworks;
			sourceTree = "<group>";
		};
		7A8DACBB1C2F0B4100781844 /* watchOS Example */ = {
			isa = PBXGroup;
			children = (
				7A8DACBC1C2F0B4100781844 /* Interface.storyboard */,
				7A8DACBF1C2F0B4100781844 /* Assets.xcassets */,
				7A8DACC11C2F0B4100781844 /* Info.plist */,
			);
			path = "watchOS Example";
			sourceTree = "<group>";
		};
		7A8DACCA1C2F0B4100781844 /* watchOS Example Extension */ = {
			isa = PBXGroup;
			children = (
				7A8DACCB1C2F0B4100781844 /* InterfaceController.swift */,
				7A8DACCD1C2F0B4100781844 /* ExtensionDelegate.swift */,
				7A8DACCF1C2F0B4100781844 /* Assets.xcassets */,
				7A8DACD11C2F0B4100781844 /* Info.plist */,
			);
			path = "watchOS Example Extension";
			sourceTree = "<group>";
		};
		7A9B013B1A4979EA002F134A = {
			isa = PBXGroup;
			children = (
				7A9B01461A4979EA002F134A /* iOS Example */,
				7A8DACBB1C2F0B4100781844 /* watchOS Example */,
				7A8DACCA1C2F0B4100781844 /* watchOS Example Extension */,
				7A5DB5C31C2F358D00A45822 /* tvOS Example */,
				7A8DACB71C2F04EE00781844 /* Frameworks */,
				7A9B01451A4979EA002F134A /* Products */,
				7A5DB5991C2F2B0800A45822 /* WhereAmI.xcodeproj */,
			);
			sourceTree = "<group>";
		};
		7A9B01451A4979EA002F134A /* Products */ = {
			isa = PBXGroup;
			children = (
				7A9B01441A4979EA002F134A /* Where Am I Demo.app */,
				7A8DACBA1C2F0B4100781844 /* watchOS Example.app */,
				7A8DACC61C2F0B4100781844 /* watchOS Example Extension.appex */,
				7A5DB5C21C2F358D00A45822 /* tvOS Example.app */,
			);
			name = Products;
			sourceTree = "<group>";
		};
		7A9B01461A4979EA002F134A /* iOS Example */ = {
			isa = PBXGroup;
			children = (
				7AED1AD31A52E24800A6EBBD /* Demo */,
				7A9B01471A4979EA002F134A /* Supporting Files */,
			);
			name = "iOS Example";
			path = "Where Am I";
			sourceTree = "<group>";
		};
		7A9B01471A4979EA002F134A /* Supporting Files */ = {
			isa = PBXGroup;
			children = (
				7A9B01481A4979EA002F134A /* Info.plist */,
			);
			name = "Supporting Files";
			sourceTree = "<group>";
		};
		7AED1AD31A52E24800A6EBBD /* Demo */ = {
			isa = PBXGroup;
			children = (
				7A9B01521A4979EA002F134A /* LaunchScreen.xib */,
				7A9B01501A4979EA002F134A /* Images.xcassets */,
				7A9B01491A4979EA002F134A /* AppDelegate.swift */,
				7A9B014B1A4979EA002F134A /* ViewController.swift */,
				7A9B014D1A4979EA002F134A /* Main.storyboard */,
			);
			name = Demo;
			sourceTree = "<group>";
		};
/* End PBXGroup section */

/* Begin PBXNativeTarget section */
		7A5DB5C11C2F358D00A45822 /* tvOS Example */ = {
			isa = PBXNativeTarget;
			buildConfigurationList = 7A5DB5D31C2F358D00A45822 /* Build configuration list for PBXNativeTarget "tvOS Example" */;
			buildPhases = (
				7A5DB5BE1C2F358D00A45822 /* Sources */,
				7A5DB5BF1C2F358D00A45822 /* Frameworks */,
				7A5DB5C01C2F358D00A45822 /* Resources */,
				7A5DB5D81C2F35A300A45822 /* Embed Frameworks */,
			);
			buildRules = (
			);
			dependencies = (
				7A5DB5D71C2F35A300A45822 /* PBXTargetDependency */,
			);
			name = "tvOS Example";
			productName = "tvOS Exampple";
			productReference = 7A5DB5C21C2F358D00A45822 /* tvOS Example.app */;
			productType = "com.apple.product-type.application";
		};
		7A8DACB91C2F0B4100781844 /* watchOS Example */ = {
			isa = PBXNativeTarget;
			buildConfigurationList = 7A8DACD91C2F0B4100781844 /* Build configuration list for PBXNativeTarget "watchOS Example" */;
			buildPhases = (
				7A8DACB81C2F0B4100781844 /* Resources */,
				7A8DACD81C2F0B4100781844 /* Embed App Extensions */,
			);
			buildRules = (
			);
			dependencies = (
				7A8DACC91C2F0B4100781844 /* PBXTargetDependency */,
			);
			name = "watchOS Example";
			productName = "watchOS Example";
			productReference = 7A8DACBA1C2F0B4100781844 /* watchOS Example.app */;
			productType = "com.apple.product-type.application.watchapp2";
		};
		7A8DACC51C2F0B4100781844 /* watchOS Example Extension */ = {
			isa = PBXNativeTarget;
			buildConfigurationList = 7A8DACD51C2F0B4100781844 /* Build configuration list for PBXNativeTarget "watchOS Example Extension" */;
			buildPhases = (
				7A8DACC21C2F0B4100781844 /* Sources */,
				7A8DACC31C2F0B4100781844 /* Frameworks */,
				7A8DACC41C2F0B4100781844 /* Resources */,
				7A5DB5AD1C2F2B2000A45822 /* Embed Frameworks */,
			);
			buildRules = (
			);
			dependencies = (
				7A5DB5AC1C2F2B2000A45822 /* PBXTargetDependency */,
			);
			name = "watchOS Example Extension";
			productName = "watchOS Example Extension";
			productReference = 7A8DACC61C2F0B4100781844 /* watchOS Example Extension.appex */;
			productType = "com.apple.product-type.watchkit2-extension";
		};
		7A9B01431A4979EA002F134A /* Where Am I Demo */ = {
			isa = PBXNativeTarget;
			buildConfigurationList = 7A9B01631A4979EA002F134A /* Build configuration list for PBXNativeTarget "Where Am I Demo" */;
			buildPhases = (
				7A9B01401A4979EA002F134A /* Sources */,
				7A9B01411A4979EA002F134A /* Frameworks */,
				7A9B01421A4979EA002F134A /* Resources */,
				7A3650481AECF062001F98A8 /* Embed Frameworks */,
				7A8DACDC1C2F0B4100781844 /* Embed Watch Content */,
			);
			buildRules = (
			);
			dependencies = (
				7A8DACD31C2F0B4100781844 /* PBXTargetDependency */,
				7A5DB5A81C2F2B1900A45822 /* PBXTargetDependency */,
			);
			name = "Where Am I Demo";
			productName = "Where Am I";
			productReference = 7A9B01441A4979EA002F134A /* Where Am I Demo.app */;
			productType = "com.apple.product-type.application";
		};
/* End PBXNativeTarget section */

/* Begin PBXProject section */
		7A9B013C1A4979EA002F134A /* Project object */ = {
			isa = PBXProject;
			attributes = {
				LastSwiftUpdateCheck = 0720;
				LastUpgradeCheck = 0700;
				ORGANIZATIONNAME = "Romain Rivollier";
				TargetAttributes = {
					7A5DB5C11C2F358D00A45822 = {
						CreatedOnToolsVersion = 7.2;
					};
					7A8DACB91C2F0B4100781844 = {
						CreatedOnToolsVersion = 7.2;
					};
					7A8DACC51C2F0B4100781844 = {
						CreatedOnToolsVersion = 7.2;
					};
					7A9B01431A4979EA002F134A = {
						CreatedOnToolsVersion = 6.1.1;
					};
				};
			};
			buildConfigurationList = 7A9B013F1A4979EA002F134A /* Build configuration list for PBXProject "Where Am I Demo" */;
			compatibilityVersion = "Xcode 3.2";
			developmentRegion = English;
			hasScannedForEncodings = 0;
			knownRegions = (
				en,
				Base,
			);
			mainGroup = 7A9B013B1A4979EA002F134A;
			productRefGroup = 7A9B01451A4979EA002F134A /* Products */;
			projectDirPath = "";
			projectReferences = (
				{
					ProductGroup = 7A5DB59A1C2F2B0800A45822 /* Products */;
					ProjectRef = 7A5DB5991C2F2B0800A45822 /* WhereAmI.xcodeproj */;
				},
			);
			projectRoot = "";
			targets = (
				7A9B01431A4979EA002F134A /* Where Am I Demo */,
				7A8DACB91C2F0B4100781844 /* watchOS Example */,
				7A8DACC51C2F0B4100781844 /* watchOS Example Extension */,
				7A5DB5C11C2F358D00A45822 /* tvOS Example */,
			);
		};
/* End PBXProject section */

/* Begin PBXReferenceProxy section */
		7A5DB5A01C2F2B0800A45822 /* WhereAmI.framework */ = {
			isa = PBXReferenceProxy;
			fileType = wrapper.framework;
			path = WhereAmI.framework;
			remoteRef = 7A5DB59F1C2F2B0800A45822 /* PBXContainerItemProxy */;
			sourceTree = BUILT_PRODUCTS_DIR;
		};
		7A5DB5A21C2F2B0800A45822 /* WhereAmI.framework */ = {
			isa = PBXReferenceProxy;
			fileType = wrapper.framework;
			path = WhereAmI.framework;
			remoteRef = 7A5DB5A11C2F2B0800A45822 /* PBXContainerItemProxy */;
			sourceTree = BUILT_PRODUCTS_DIR;
		};
		7A5DB5D21C2F358D00A45822 /* WhereAmI.framework */ = {
			isa = PBXReferenceProxy;
			fileType = wrapper.framework;
			path = WhereAmI.framework;
			remoteRef = 7A5DB5D11C2F358D00A45822 /* PBXContainerItemProxy */;
			sourceTree = BUILT_PRODUCTS_DIR;
		};
/* End PBXReferenceProxy section */

/* Begin PBXResourcesBuildPhase section */
		7A5DB5C01C2F358D00A45822 /* Resources */ = {
			isa = PBXResourcesBuildPhase;
			buildActionMask = 2147483647;
			files = (
				7A5DB5CC1C2F358D00A45822 /* Assets.xcassets in Resources */,
				7A5DB5CA1C2F358D00A45822 /* Main.storyboard in Resources */,
			);
			runOnlyForDeploymentPostprocessing = 0;
		};
		7A8DACB81C2F0B4100781844 /* Resources */ = {
			isa = PBXResourcesBuildPhase;
			buildActionMask = 2147483647;
			files = (
				7A8DACC01C2F0B4100781844 /* Assets.xcassets in Resources */,
				7A8DACBE1C2F0B4100781844 /* Interface.storyboard in Resources */,
			);
			runOnlyForDeploymentPostprocessing = 0;
		};
		7A8DACC41C2F0B4100781844 /* Resources */ = {
			isa = PBXResourcesBuildPhase;
			buildActionMask = 2147483647;
			files = (
				7A8DACD01C2F0B4100781844 /* Assets.xcassets in Resources */,
			);
			runOnlyForDeploymentPostprocessing = 0;
		};
		7A9B01421A4979EA002F134A /* Resources */ = {
			isa = PBXResourcesBuildPhase;
			buildActionMask = 2147483647;
			files = (
				7A9B014F1A4979EA002F134A /* Main.storyboard in Resources */,
				7A9B01541A4979EA002F134A /* LaunchScreen.xib in Resources */,
				7A9B01511A4979EA002F134A /* Images.xcassets in Resources */,
			);
			runOnlyForDeploymentPostprocessing = 0;
		};
/* End PBXResourcesBuildPhase section */

/* Begin PBXSourcesBuildPhase section */
		7A5DB5BE1C2F358D00A45822 /* Sources */ = {
			isa = PBXSourcesBuildPhase;
			buildActionMask = 2147483647;
			files = (
				7A5DB5C71C2F358D00A45822 /* ViewController.swift in Sources */,
				7A5DB5C51C2F358D00A45822 /* AppDelegate.swift in Sources */,
			);
			runOnlyForDeploymentPostprocessing = 0;
		};
		7A8DACC21C2F0B4100781844 /* Sources */ = {
			isa = PBXSourcesBuildPhase;
			buildActionMask = 2147483647;
			files = (
				7A8DACCE1C2F0B4100781844 /* ExtensionDelegate.swift in Sources */,
				7A8DACCC1C2F0B4100781844 /* InterfaceController.swift in Sources */,
			);
			runOnlyForDeploymentPostprocessing = 0;
		};
		7A9B01401A4979EA002F134A /* Sources */ = {
			isa = PBXSourcesBuildPhase;
			buildActionMask = 2147483647;
			files = (
				7A9B014C1A4979EA002F134A /* ViewController.swift in Sources */,
				7A9B014A1A4979EA002F134A /* AppDelegate.swift in Sources */,
			);
			runOnlyForDeploymentPostprocessing = 0;
		};
/* End PBXSourcesBuildPhase section */

/* Begin PBXTargetDependency section */
		7A5DB5A81C2F2B1900A45822 /* PBXTargetDependency */ = {
			isa = PBXTargetDependency;
			name = WhereAmI;
			targetProxy = 7A5DB5A71C2F2B1900A45822 /* PBXContainerItemProxy */;
		};
		7A5DB5AC1C2F2B2000A45822 /* PBXTargetDependency */ = {
			isa = PBXTargetDependency;
			name = "WhereAmI watchOS";
			targetProxy = 7A5DB5AB1C2F2B2000A45822 /* PBXContainerItemProxy */;
		};
		7A5DB5D71C2F35A300A45822 /* PBXTargetDependency */ = {
			isa = PBXTargetDependency;
			name = "WhereAmI tvOS";
			targetProxy = 7A5DB5D61C2F35A300A45822 /* PBXContainerItemProxy */;
		};
		7A8DACC91C2F0B4100781844 /* PBXTargetDependency */ = {
			isa = PBXTargetDependency;
			target = 7A8DACC51C2F0B4100781844 /* watchOS Example Extension */;
			targetProxy = 7A8DACC81C2F0B4100781844 /* PBXContainerItemProxy */;
		};
		7A8DACD31C2F0B4100781844 /* PBXTargetDependency */ = {
			isa = PBXTargetDependency;
			target = 7A8DACB91C2F0B4100781844 /* watchOS Example */;
			targetProxy = 7A8DACD21C2F0B4100781844 /* PBXContainerItemProxy */;
		};
/* End PBXTargetDependency section */

/* Begin PBXVariantGroup section */
		7A5DB5C81C2F358D00A45822 /* Main.storyboard */ = {
			isa = PBXVariantGroup;
			children = (
				7A5DB5C91C2F358D00A45822 /* Base */,
			);
			name = Main.storyboard;
			sourceTree = "<group>";
		};
		7A8DACBC1C2F0B4100781844 /* Interface.storyboard */ = {
			isa = PBXVariantGroup;
			children = (
				7A8DACBD1C2F0B4100781844 /* Base */,
			);
			name = Interface.storyboard;
			sourceTree = "<group>";
		};
		7A9B014D1A4979EA002F134A /* Main.storyboard */ = {
			isa = PBXVariantGroup;
			children = (
				7A9B014E1A4979EA002F134A /* Base */,
			);
			name = Main.storyboard;
			sourceTree = "<group>";
		};
		7A9B01521A4979EA002F134A /* LaunchScreen.xib */ = {
			isa = PBXVariantGroup;
			children = (
				7A9B01531A4979EA002F134A /* Base */,
			);
			name = LaunchScreen.xib;
			sourceTree = "<group>";
		};
/* End PBXVariantGroup section */

/* Begin XCBuildConfiguration section */
		7A5DB5CE1C2F358D00A45822 /* Debug */ = {
			isa = XCBuildConfiguration;
			buildSettings = {
				ASSETCATALOG_COMPILER_APPICON_NAME = "App Icon & Top Shelf Image";
				ASSETCATALOG_COMPILER_LAUNCHIMAGE_NAME = LaunchImage;
				DEBUG_INFORMATION_FORMAT = dwarf;
				EMBEDDED_CONTENT_CONTAINS_SWIFT = YES;
				GCC_NO_COMMON_BLOCKS = YES;
				INFOPLIST_FILE = "tvOS Exampple/Info.plist";
				LD_RUNPATH_SEARCH_PATHS = "$(inherited) @executable_path/Frameworks";
				PRODUCT_BUNDLE_IDENTIFIER = "com.rivollier.tvOS-Exampple";
				PRODUCT_NAME = "$(TARGET_NAME)";
				SDKROOT = appletvos;
				TARGETED_DEVICE_FAMILY = 3;
				TVOS_DEPLOYMENT_TARGET = 9.0;
			};
			name = Debug;
		};
		7A5DB5CF1C2F358D00A45822 /* Release */ = {
			isa = XCBuildConfiguration;
			buildSettings = {
				ASSETCATALOG_COMPILER_APPICON_NAME = "App Icon & Top Shelf Image";
				ASSETCATALOG_COMPILER_LAUNCHIMAGE_NAME = LaunchImage;
				COPY_PHASE_STRIP = NO;
				DEBUG_INFORMATION_FORMAT = "dwarf-with-dsym";
				EMBEDDED_CONTENT_CONTAINS_SWIFT = YES;
				GCC_NO_COMMON_BLOCKS = YES;
				INFOPLIST_FILE = "tvOS Exampple/Info.plist";
				LD_RUNPATH_SEARCH_PATHS = "$(inherited) @executable_path/Frameworks";
				PRODUCT_BUNDLE_IDENTIFIER = "com.rivollier.tvOS-Exampple";
				PRODUCT_NAME = "$(TARGET_NAME)";
				SDKROOT = appletvos;
				TARGETED_DEVICE_FAMILY = 3;
				TVOS_DEPLOYMENT_TARGET = 9.0;
			};
			name = Release;
		};
		7A8DACD61C2F0B4100781844 /* Debug */ = {
			isa = XCBuildConfiguration;
			buildSettings = {
				DEBUG_INFORMATION_FORMAT = dwarf;
				EMBEDDED_CONTENT_CONTAINS_SWIFT = YES;
				FRAMEWORK_SEARCH_PATHS = "$(inherited)";
				GCC_NO_COMMON_BLOCKS = YES;
				INFOPLIST_FILE = "watchOS Example Extension/Info.plist";
				LD_RUNPATH_SEARCH_PATHS = "$(inherited) @executable_path/Frameworks @executable_path/../../Frameworks";
				PRODUCT_BUNDLE_IDENTIFIER = "com.rivollier.Where-Am-I-Demo.watchkitapp.watchkitextension";
				PRODUCT_NAME = "${TARGET_NAME}";
				SDKROOT = watchos;
				SKIP_INSTALL = YES;
				TARGETED_DEVICE_FAMILY = 4;
				WATCHOS_DEPLOYMENT_TARGET = 2.0;
			};
			name = Debug;
		};
		7A8DACD71C2F0B4100781844 /* Release */ = {
			isa = XCBuildConfiguration;
			buildSettings = {
				COPY_PHASE_STRIP = NO;
				DEBUG_INFORMATION_FORMAT = "dwarf-with-dsym";
				EMBEDDED_CONTENT_CONTAINS_SWIFT = YES;
				FRAMEWORK_SEARCH_PATHS = "$(inherited)";
				GCC_NO_COMMON_BLOCKS = YES;
				INFOPLIST_FILE = "watchOS Example Extension/Info.plist";
				LD_RUNPATH_SEARCH_PATHS = "$(inherited) @executable_path/Frameworks @executable_path/../../Frameworks";
				PRODUCT_BUNDLE_IDENTIFIER = "com.rivollier.Where-Am-I-Demo.watchkitapp.watchkitextension";
				PRODUCT_NAME = "${TARGET_NAME}";
				SDKROOT = watchos;
				SKIP_INSTALL = YES;
				TARGETED_DEVICE_FAMILY = 4;
				WATCHOS_DEPLOYMENT_TARGET = 2.0;
			};
			name = Release;
		};
		7A8DACDA1C2F0B4100781844 /* Debug */ = {
			isa = XCBuildConfiguration;
			buildSettings = {
				ASSETCATALOG_COMPILER_APPICON_NAME = AppIcon;
				DEBUG_INFORMATION_FORMAT = dwarf;
				EMBEDDED_CONTENT_CONTAINS_SWIFT = YES;
				GCC_NO_COMMON_BLOCKS = YES;
				IBSC_MODULE = watchOS_Example_Extension;
				INFOPLIST_FILE = "watchOS Example/Info.plist";
				PRODUCT_BUNDLE_IDENTIFIER = "com.rivollier.Where-Am-I-Demo.watchkitapp";
				PRODUCT_NAME = "$(TARGET_NAME)";
				SDKROOT = watchos;
				SKIP_INSTALL = YES;
				TARGETED_DEVICE_FAMILY = 4;
				WATCHOS_DEPLOYMENT_TARGET = 2.1;
			};
			name = Debug;
		};
		7A8DACDB1C2F0B4100781844 /* Release */ = {
			isa = XCBuildConfiguration;
			buildSettings = {
				ASSETCATALOG_COMPILER_APPICON_NAME = AppIcon;
				COPY_PHASE_STRIP = NO;
				DEBUG_INFORMATION_FORMAT = "dwarf-with-dsym";
				EMBEDDED_CONTENT_CONTAINS_SWIFT = YES;
				GCC_NO_COMMON_BLOCKS = YES;
				IBSC_MODULE = watchOS_Example_Extension;
				INFOPLIST_FILE = "watchOS Example/Info.plist";
				PRODUCT_BUNDLE_IDENTIFIER = "com.rivollier.Where-Am-I-Demo.watchkitapp";
				PRODUCT_NAME = "$(TARGET_NAME)";
				SDKROOT = watchos;
				SKIP_INSTALL = YES;
				TARGETED_DEVICE_FAMILY = 4;
				WATCHOS_DEPLOYMENT_TARGET = 2.1;
			};
			name = Release;
		};
		7A9B01611A4979EA002F134A /* Debug */ = {
			isa = XCBuildConfiguration;
			buildSettings = {
				ALWAYS_SEARCH_USER_PATHS = NO;
				CLANG_CXX_LANGUAGE_STANDARD = "gnu++0x";
				CLANG_CXX_LIBRARY = "libc++";
				CLANG_ENABLE_MODULES = YES;
				CLANG_ENABLE_OBJC_ARC = YES;
				CLANG_WARN_BOOL_CONVERSION = YES;
				CLANG_WARN_CONSTANT_CONVERSION = YES;
				CLANG_WARN_DIRECT_OBJC_ISA_USAGE = YES_ERROR;
				CLANG_WARN_EMPTY_BODY = YES;
				CLANG_WARN_ENUM_CONVERSION = YES;
				CLANG_WARN_INT_CONVERSION = YES;
				CLANG_WARN_OBJC_ROOT_CLASS = YES_ERROR;
				CLANG_WARN_UNREACHABLE_CODE = YES;
				CLANG_WARN__DUPLICATE_METHOD_MATCH = YES;
				"CODE_SIGN_IDENTITY[sdk=iphoneos*]" = "iPhone Developer";
				COPY_PHASE_STRIP = NO;
				ENABLE_STRICT_OBJC_MSGSEND = YES;
				ENABLE_TESTABILITY = YES;
				GCC_C_LANGUAGE_STANDARD = gnu99;
				GCC_DYNAMIC_NO_PIC = NO;
				GCC_OPTIMIZATION_LEVEL = 0;
				GCC_PREPROCESSOR_DEFINITIONS = (
					"DEBUG=1",
					"$(inherited)",
				);
				GCC_SYMBOLS_PRIVATE_EXTERN = NO;
				GCC_WARN_64_TO_32_BIT_CONVERSION = YES;
				GCC_WARN_ABOUT_RETURN_TYPE = YES_ERROR;
				GCC_WARN_UNDECLARED_SELECTOR = YES;
				GCC_WARN_UNINITIALIZED_AUTOS = YES_AGGRESSIVE;
				GCC_WARN_UNUSED_FUNCTION = YES;
				GCC_WARN_UNUSED_VARIABLE = YES;
				IPHONEOS_DEPLOYMENT_TARGET = 8.1;
				MTL_ENABLE_DEBUG_INFO = YES;
				ONLY_ACTIVE_ARCH = YES;
				SDKROOT = iphoneos;
				SWIFT_OPTIMIZATION_LEVEL = "-Onone";
				TVOS_DEPLOYMENT_TARGET = 9.0;
				WATCHOS_DEPLOYMENT_TARGET = 2.0;
			};
			name = Debug;
		};
		7A9B01621A4979EA002F134A /* Release */ = {
			isa = XCBuildConfiguration;
			buildSettings = {
				ALWAYS_SEARCH_USER_PATHS = NO;
				CLANG_CXX_LANGUAGE_STANDARD = "gnu++0x";
				CLANG_CXX_LIBRARY = "libc++";
				CLANG_ENABLE_MODULES = YES;
				CLANG_ENABLE_OBJC_ARC = YES;
				CLANG_WARN_BOOL_CONVERSION = YES;
				CLANG_WARN_CONSTANT_CONVERSION = YES;
				CLANG_WARN_DIRECT_OBJC_ISA_USAGE = YES_ERROR;
				CLANG_WARN_EMPTY_BODY = YES;
				CLANG_WARN_ENUM_CONVERSION = YES;
				CLANG_WARN_INT_CONVERSION = YES;
				CLANG_WARN_OBJC_ROOT_CLASS = YES_ERROR;
				CLANG_WARN_UNREACHABLE_CODE = YES;
				CLANG_WARN__DUPLICATE_METHOD_MATCH = YES;
				"CODE_SIGN_IDENTITY[sdk=iphoneos*]" = "iPhone Developer";
				COPY_PHASE_STRIP = YES;
				ENABLE_NS_ASSERTIONS = NO;
				ENABLE_STRICT_OBJC_MSGSEND = YES;
				GCC_C_LANGUAGE_STANDARD = gnu99;
				GCC_WARN_64_TO_32_BIT_CONVERSION = YES;
				GCC_WARN_ABOUT_RETURN_TYPE = YES_ERROR;
				GCC_WARN_UNDECLARED_SELECTOR = YES;
				GCC_WARN_UNINITIALIZED_AUTOS = YES_AGGRESSIVE;
				GCC_WARN_UNUSED_FUNCTION = YES;
				GCC_WARN_UNUSED_VARIABLE = YES;
				IPHONEOS_DEPLOYMENT_TARGET = 8.1;
				MTL_ENABLE_DEBUG_INFO = NO;
				SDKROOT = iphoneos;
				TVOS_DEPLOYMENT_TARGET = 9.0;
				VALIDATE_PRODUCT = YES;
				WATCHOS_DEPLOYMENT_TARGET = 2.0;
			};
			name = Release;
		};
		7A9B01641A4979EA002F134A /* Debug */ = {
			isa = XCBuildConfiguration;
			buildSettings = {
				ASSETCATALOG_COMPILER_APPICON_NAME = AppIcon;
				ASSETCATALOG_COMPILER_LAUNCHIMAGE_NAME = LaunchImage;
				EMBEDDED_CONTENT_CONTAINS_SWIFT = YES;
				FRAMEWORK_SEARCH_PATHS = "$(inherited)";
				INFOPLIST_FILE = "Where Am I/Info.plist";
				IPHONEOS_DEPLOYMENT_TARGET = 8.0;
				LD_RUNPATH_SEARCH_PATHS = "$(inherited) @executable_path/Frameworks";
				PRODUCT_BUNDLE_IDENTIFIER = "com.rivollier.Where-Am-I-Demo";
				PRODUCT_NAME = "Where Am I Demo";
				TVOS_DEPLOYMENT_TARGET = 9.0;
				WATCHOS_DEPLOYMENT_TARGET = 2.0;
			};
			name = Debug;
		};
		7A9B01651A4979EA002F134A /* Release */ = {
			isa = XCBuildConfiguration;
			buildSettings = {
				ASSETCATALOG_COMPILER_APPICON_NAME = AppIcon;
				ASSETCATALOG_COMPILER_LAUNCHIMAGE_NAME = LaunchImage;
				EMBEDDED_CONTENT_CONTAINS_SWIFT = YES;
				FRAMEWORK_SEARCH_PATHS = "$(inherited)";
				INFOPLIST_FILE = "Where Am I/Info.plist";
				IPHONEOS_DEPLOYMENT_TARGET = 8.0;
				LD_RUNPATH_SEARCH_PATHS = "$(inherited) @executable_path/Frameworks";
				PRODUCT_BUNDLE_IDENTIFIER = "com.rivollier.Where-Am-I-Demo";
				PRODUCT_NAME = "Where Am I Demo";
				TVOS_DEPLOYMENT_TARGET = 9.0;
				WATCHOS_DEPLOYMENT_TARGET = 2.0;
			};
			name = Release;
		};
/* End XCBuildConfiguration section */

/* Begin XCConfigurationList section */
		7A5DB5D31C2F358D00A45822 /* Build configuration list for PBXNativeTarget "tvOS Example" */ = {
			isa = XCConfigurationList;
			buildConfigurations = (
				7A5DB5CE1C2F358D00A45822 /* Debug */,
				7A5DB5CF1C2F358D00A45822 /* Release */,
			);
			defaultConfigurationIsVisible = 0;
		};
		7A8DACD51C2F0B4100781844 /* Build configuration list for PBXNativeTarget "watchOS Example Extension" */ = {
			isa = XCConfigurationList;
			buildConfigurations = (
				7A8DACD61C2F0B4100781844 /* Debug */,
				7A8DACD71C2F0B4100781844 /* Release */,
			);
			defaultConfigurationIsVisible = 0;
			defaultConfigurationName = Release;
		};
		7A8DACD91C2F0B4100781844 /* Build configuration list for PBXNativeTarget "watchOS Example" */ = {
			isa = XCConfigurationList;
			buildConfigurations = (
				7A8DACDA1C2F0B4100781844 /* Debug */,
				7A8DACDB1C2F0B4100781844 /* Release */,
			);
			defaultConfigurationIsVisible = 0;
			defaultConfigurationName = Release;
		};
		7A9B013F1A4979EA002F134A /* Build configuration list for PBXProject "Where Am I Demo" */ = {
			isa = XCConfigurationList;
			buildConfigurations = (
				7A9B01611A4979EA002F134A /* Debug */,
				7A9B01621A4979EA002F134A /* Release */,
			);
			defaultConfigurationIsVisible = 0;
			defaultConfigurationName = Release;
		};
		7A9B01631A4979EA002F134A /* Build configuration list for PBXNativeTarget "Where Am I Demo" */ = {
			isa = XCConfigurationList;
			buildConfigurations = (
				7A9B01641A4979EA002F134A /* Debug */,
				7A9B01651A4979EA002F134A /* Release */,
			);
			defaultConfigurationIsVisible = 0;
			defaultConfigurationName = Release;
		};
/* End XCConfigurationList section */
	};
	rootObject = 7A9B013C1A4979EA002F134A /* Project object */;
}
