// !$*UTF8*$!
{
	archiveVersion = 1;
	classes = {
	};
	objectVersion = 46;
	objects = {

/* Begin PBXBuildFile section */
		7A0122DF1F8B90F600891362 /* WhereAmI.framework in Frameworks */ = {isa = PBXBuildFile; fileRef = 7A0929F11EED9360007D03D7 /* WhereAmI.framework */; };
		7A0122E01F8B90F600891362 /* WhereAmI.framework in Embed Frameworks */ = {isa = PBXBuildFile; fileRef = 7A0929F11EED9360007D03D7 /* WhereAmI.framework */; settings = {ATTRIBUTES = (CodeSignOnCopy, RemoveHeadersOnCopy, ); }; };
		7A092A001EED9394007D03D7 /* WhereAmI.framework in Frameworks */ = {isa = PBXBuildFile; fileRef = 7A0929F11EED9360007D03D7 /* WhereAmI.framework */; };
		7A092A011EED9394007D03D7 /* WhereAmI.framework in Embed Frameworks */ = {isa = PBXBuildFile; fileRef = 7A0929F11EED9360007D03D7 /* WhereAmI.framework */; settings = {ATTRIBUTES = (CodeSignOnCopy, RemoveHeadersOnCopy, ); }; };
		7A9B014A1A4979EA002F134A /* AppDelegate.swift in Sources */ = {isa = PBXBuildFile; fileRef = 7A9B01491A4979EA002F134A /* AppDelegate.swift */; };
		7A9B014C1A4979EA002F134A /* ViewController.swift in Sources */ = {isa = PBXBuildFile; fileRef = 7A9B014B1A4979EA002F134A /* ViewController.swift */; };
		7A9B014F1A4979EA002F134A /* Main.storyboard in Resources */ = {isa = PBXBuildFile; fileRef = 7A9B014D1A4979EA002F134A /* Main.storyboard */; };
		7A9B01511A4979EA002F134A /* Images.xcassets in Resources */ = {isa = PBXBuildFile; fileRef = 7A9B01501A4979EA002F134A /* Images.xcassets */; };
		7A9B01541A4979EA002F134A /* LaunchScreen.xib in Resources */ = {isa = PBXBuildFile; fileRef = 7A9B01521A4979EA002F134A /* LaunchScreen.xib */; };
		7ACB43D61C329E8D00497192 /* AppDelegate.swift in Sources */ = {isa = PBXBuildFile; fileRef = 7ACB43D01C329E8D00497192 /* AppDelegate.swift */; };
		7ACB43D71C329E8D00497192 /* Assets.xcassets in Resources */ = {isa = PBXBuildFile; fileRef = 7ACB43D11C329E8D00497192 /* Assets.xcassets */; };
		7ACB43D81C329E8D00497192 /* Main.storyboard in Resources */ = {isa = PBXBuildFile; fileRef = 7ACB43D21C329E8D00497192 /* Main.storyboard */; };
		7ACB43DA1C329E8D00497192 /* ViewController.swift in Sources */ = {isa = PBXBuildFile; fileRef = 7ACB43D51C329E8D00497192 /* ViewController.swift */; };
/* End PBXBuildFile section */

/* Begin PBXContainerItemProxy section */
		7A0122E11F8B90F600891362 /* PBXContainerItemProxy */ = {
			isa = PBXContainerItemProxy;
			containerPortal = 7A0929EC1EED9360007D03D7 /* WhereAmI.xcodeproj */;
			proxyType = 1;
			remoteGlobalIDString = 7A3650191AECED5A001F98A8;
			remoteInfo = WhereAmI;
		};
		7A0929F01EED9360007D03D7 /* PBXContainerItemProxy */ = {
			isa = PBXContainerItemProxy;
			containerPortal = 7A0929EC1EED9360007D03D7 /* WhereAmI.xcodeproj */;
			proxyType = 2;
			remoteGlobalIDString = 7A36501A1AECED5A001F98A8;
			remoteInfo = WhereAmI;
		};
		7A092A021EED9394007D03D7 /* PBXContainerItemProxy */ = {
			isa = PBXContainerItemProxy;
			containerPortal = 7A0929EC1EED9360007D03D7 /* WhereAmI.xcodeproj */;
			proxyType = 1;
			remoteGlobalIDString = 7A3650191AECED5A001F98A8;
			remoteInfo = WhereAmI;
		};
/* End PBXContainerItemProxy section */

/* Begin PBXCopyFilesBuildPhase section */
		7A0122E31F8B90F600891362 /* Embed Frameworks */ = {
			isa = PBXCopyFilesBuildPhase;
			buildActionMask = 2147483647;
			dstPath = "";
			dstSubfolderSpec = 10;
			files = (
				7A0122E01F8B90F600891362 /* WhereAmI.framework in Embed Frameworks */,
			);
			name = "Embed Frameworks";
			runOnlyForDeploymentPostprocessing = 0;
		};
		7A5DB5D81C2F35A300A45822 /* Embed Frameworks */ = {
			isa = PBXCopyFilesBuildPhase;
			buildActionMask = 2147483647;
			dstPath = "";
			dstSubfolderSpec = 10;
			files = (
				7A092A011EED9394007D03D7 /* WhereAmI.framework in Embed Frameworks */,
			);
			name = "Embed Frameworks";
			runOnlyForDeploymentPostprocessing = 0;
		};
		7A8DACDC1C2F0B4100781844 /* Embed Watch Content */ = {
			isa = PBXCopyFilesBuildPhase;
			buildActionMask = 2147483647;
			dstPath = "$(CONTENTS_FOLDER_PATH)/Watch";
			dstSubfolderSpec = 16;
			files = (
			);
			name = "Embed Watch Content";
			runOnlyForDeploymentPostprocessing = 0;
		};
/* End PBXCopyFilesBuildPhase section */

/* Begin PBXFileReference section */
		7A0929EC1EED9360007D03D7 /* WhereAmI.xcodeproj */ = {isa = PBXFileReference; lastKnownFileType = "wrapper.pb-project"; name = WhereAmI.xcodeproj; path = ../WhereAmI.xcodeproj; sourceTree = "<group>"; };
		7A5DB5C21C2F358D00A45822 /* tvOS Example.app */ = {isa = PBXFileReference; explicitFileType = wrapper.application; includeInIndex = 0; path = "tvOS Example.app"; sourceTree = BUILT_PRODUCTS_DIR; };
		7A9B01441A4979EA002F134A /* Where Am I Demo.app */ = {isa = PBXFileReference; explicitFileType = wrapper.application; includeInIndex = 0; path = "Where Am I Demo.app"; sourceTree = BUILT_PRODUCTS_DIR; };
		7A9B01481A4979EA002F134A /* Info.plist */ = {isa = PBXFileReference; lastKnownFileType = text.plist.xml; path = Info.plist; sourceTree = "<group>"; };
		7A9B01491A4979EA002F134A /* AppDelegate.swift */ = {isa = PBXFileReference; lastKnownFileType = sourcecode.swift; path = AppDelegate.swift; sourceTree = "<group>"; };
		7A9B014B1A4979EA002F134A /* ViewController.swift */ = {isa = PBXFileReference; lastKnownFileType = sourcecode.swift; path = ViewController.swift; sourceTree = "<group>"; };
		7A9B014E1A4979EA002F134A /* Base */ = {isa = PBXFileReference; lastKnownFileType = file.storyboard; name = Base; path = Base.lproj/Main.storyboard; sourceTree = "<group>"; };
		7A9B01501A4979EA002F134A /* Images.xcassets */ = {isa = PBXFileReference; lastKnownFileType = folder.assetcatalog; path = Images.xcassets; sourceTree = "<group>"; };
		7A9B01531A4979EA002F134A /* Base */ = {isa = PBXFileReference; lastKnownFileType = file.xib; name = Base; path = Base.lproj/LaunchScreen.xib; sourceTree = "<group>"; };
		7ACB43D01C329E8D00497192 /* AppDelegate.swift */ = {isa = PBXFileReference; fileEncoding = 4; lastKnownFileType = sourcecode.swift; path = AppDelegate.swift; sourceTree = "<group>"; };
		7ACB43D11C329E8D00497192 /* Assets.xcassets */ = {isa = PBXFileReference; lastKnownFileType = folder.assetcatalog; path = Assets.xcassets; sourceTree = "<group>"; };
		7ACB43D31C329E8D00497192 /* Base */ = {isa = PBXFileReference; lastKnownFileType = file.storyboard; name = Base; path = Base.lproj/Main.storyboard; sourceTree = "<group>"; };
		7ACB43D41C329E8D00497192 /* Info.plist */ = {isa = PBXFileReference; fileEncoding = 4; lastKnownFileType = text.plist.xml; path = Info.plist; sourceTree = "<group>"; };
		7ACB43D51C329E8D00497192 /* ViewController.swift */ = {isa = PBXFileReference; fileEncoding = 4; lastKnownFileType = sourcecode.swift; path = ViewController.swift; sourceTree = "<group>"; };
/* End PBXFileReference section */

/* Begin PBXFrameworksBuildPhase section */
		7A5DB5BF1C2F358D00A45822 /* Frameworks */ = {
			isa = PBXFrameworksBuildPhase;
			buildActionMask = 2147483647;
			files = (
				7A092A001EED9394007D03D7 /* WhereAmI.framework in Frameworks */,
			);
			runOnlyForDeploymentPostprocessing = 0;
		};
		7A9B01411A4979EA002F134A /* Frameworks */ = {
			isa = PBXFrameworksBuildPhase;
			buildActionMask = 2147483647;
			files = (
				7A0122DF1F8B90F600891362 /* WhereAmI.framework in Frameworks */,
			);
			runOnlyForDeploymentPostprocessing = 0;
		};
/* End PBXFrameworksBuildPhase section */

/* Begin PBXGroup section */
		7A0929ED1EED9360007D03D7 /* Products */ = {
			isa = PBXGroup;
			children = (
				7A0929F11EED9360007D03D7 /* WhereAmI.framework */,
			);
			name = Products;
			sourceTree = "<group>";
		};
		7A9B013B1A4979EA002F134A = {
			isa = PBXGroup;
			children = (
				7A0929EC1EED9360007D03D7 /* WhereAmI.xcodeproj */,
				7A9B01461A4979EA002F134A /* iOS Example */,
				7ACB43CF1C329E8D00497192 /* tvOS Example */,
				7A9B01451A4979EA002F134A /* Products */,
			);
			sourceTree = "<group>";
		};
		7A9B01451A4979EA002F134A /* Products */ = {
			isa = PBXGroup;
			children = (
				7A9B01441A4979EA002F134A /* Where Am I Demo.app */,
				7A5DB5C21C2F358D00A45822 /* tvOS Example.app */,
			);
			name = Products;
			sourceTree = "<group>";
		};
		7A9B01461A4979EA002F134A /* iOS Example */ = {
			isa = PBXGroup;
			children = (
				7AED1AD31A52E24800A6EBBD /* Demo */,
				7A9B01471A4979EA002F134A /* Supporting Files */,
			);
			name = "iOS Example";
			path = "Where Am I";
			sourceTree = "<group>";
		};
		7A9B01471A4979EA002F134A /* Supporting Files */ = {
			isa = PBXGroup;
			children = (
				7A9B01481A4979EA002F134A /* Info.plist */,
			);
			name = "Supporting Files";
			sourceTree = "<group>";
		};
		7ACB43CF1C329E8D00497192 /* tvOS Example */ = {
			isa = PBXGroup;
			children = (
				7ACB43D01C329E8D00497192 /* AppDelegate.swift */,
				7ACB43D11C329E8D00497192 /* Assets.xcassets */,
				7ACB43D21C329E8D00497192 /* Main.storyboard */,
				7ACB43D41C329E8D00497192 /* Info.plist */,
				7ACB43D51C329E8D00497192 /* ViewController.swift */,
			);
			path = "tvOS Example";
			sourceTree = "<group>";
		};
		7AED1AD31A52E24800A6EBBD /* Demo */ = {
			isa = PBXGroup;
			children = (
				7A9B01521A4979EA002F134A /* LaunchScreen.xib */,
				7A9B01501A4979EA002F134A /* Images.xcassets */,
				7A9B01491A4979EA002F134A /* AppDelegate.swift */,
				7A9B014B1A4979EA002F134A /* ViewController.swift */,
				7A9B014D1A4979EA002F134A /* Main.storyboard */,
			);
			name = Demo;
			sourceTree = "<group>";
		};
/* End PBXGroup section */

/* Begin PBXNativeTarget section */
		7A5DB5C11C2F358D00A45822 /* tvOS Example */ = {
			isa = PBXNativeTarget;
			buildConfigurationList = 7A5DB5D31C2F358D00A45822 /* Build configuration list for PBXNativeTarget "tvOS Example" */;
			buildPhases = (
				7A5DB5BE1C2F358D00A45822 /* Sources */,
				7A5DB5BF1C2F358D00A45822 /* Frameworks */,
				7A5DB5C01C2F358D00A45822 /* Resources */,
				7A5DB5D81C2F35A300A45822 /* Embed Frameworks */,
			);
			buildRules = (
			);
			dependencies = (
				7A092A031EED9394007D03D7 /* PBXTargetDependency */,
			);
			name = "tvOS Example";
			productName = "tvOS Exampple";
			productReference = 7A5DB5C21C2F358D00A45822 /* tvOS Example.app */;
			productType = "com.apple.product-type.application";
		};
		7A9B01431A4979EA002F134A /* Where Am I Demo */ = {
			isa = PBXNativeTarget;
			buildConfigurationList = 7A9B01631A4979EA002F134A /* Build configuration list for PBXNativeTarget "Where Am I Demo" */;
			buildPhases = (
				7A9B01401A4979EA002F134A /* Sources */,
				7A9B01411A4979EA002F134A /* Frameworks */,
				7A9B01421A4979EA002F134A /* Resources */,
				7A8DACDC1C2F0B4100781844 /* Embed Watch Content */,
				7A0122E31F8B90F600891362 /* Embed Frameworks */,
			);
			buildRules = (
			);
			dependencies = (
				7A0122E21F8B90F600891362 /* PBXTargetDependency */,
			);
			name = "Where Am I Demo";
			productName = "Where Am I";
			productReference = 7A9B01441A4979EA002F134A /* Where Am I Demo.app */;
			productType = "com.apple.product-type.application";
		};
/* End PBXNativeTarget section */

/* Begin PBXProject section */
		7A9B013C1A4979EA002F134A /* Project object */ = {
			isa = PBXProject;
			attributes = {
				LastSwiftUpdateCheck = 0900;
				LastUpgradeCheck = 1020;
				ORGANIZATIONNAME = "Romain Rivollier";
				TargetAttributes = {
					7A5DB5C11C2F358D00A45822 = {
						CreatedOnToolsVersion = 7.2;
						LastSwiftMigration = 0800;
					};
					7A9B01431A4979EA002F134A = {
						CreatedOnToolsVersion = 6.1.1;
						LastSwiftMigration = 0800;
					};
				};
			};
			buildConfigurationList = 7A9B013F1A4979EA002F134A /* Build configuration list for PBXProject "Where Am I Demo" */;
			compatibilityVersion = "Xcode 3.2";
			developmentRegion = en;
			hasScannedForEncodings = 0;
			knownRegions = (
				en,
				Base,
			);
			mainGroup = 7A9B013B1A4979EA002F134A;
			productRefGroup = 7A9B01451A4979EA002F134A /* Products */;
			projectDirPath = "";
			projectReferences = (
				{
					ProductGroup = 7A0929ED1EED9360007D03D7 /* Products */;
					ProjectRef = 7A0929EC1EED9360007D03D7 /* WhereAmI.xcodeproj */;
				},
			);
			projectRoot = "";
			targets = (
				7A9B01431A4979EA002F134A /* Where Am I Demo */,
				7A5DB5C11C2F358D00A45822 /* tvOS Example */,
			);
		};
/* End PBXProject section */

/* Begin PBXReferenceProxy section */
		7A0929F11EED9360007D03D7 /* WhereAmI.framework */ = {
			isa = PBXReferenceProxy;
			fileType = wrapper.framework;
			path = WhereAmI.framework;
			remoteRef = 7A0929F01EED9360007D03D7 /* PBXContainerItemProxy */;
			sourceTree = BUILT_PRODUCTS_DIR;
		};
/* End PBXReferenceProxy section */

/* Begin PBXResourcesBuildPhase section */
		7A5DB5C01C2F358D00A45822 /* Resources */ = {
			isa = PBXResourcesBuildPhase;
			buildActionMask = 2147483647;
			files = (
				7ACB43D71C329E8D00497192 /* Assets.xcassets in Resources */,
				7ACB43D81C329E8D00497192 /* Main.storyboard in Resources */,
			);
			runOnlyForDeploymentPostprocessing = 0;
		};
		7A9B01421A4979EA002F134A /* Resources */ = {
			isa = PBXResourcesBuildPhase;
			buildActionMask = 2147483647;
			files = (
				7A9B014F1A4979EA002F134A /* Main.storyboard in Resources */,
				7A9B01541A4979EA002F134A /* LaunchScreen.xib in Resources */,
				7A9B01511A4979EA002F134A /* Images.xcassets in Resources */,
			);
			runOnlyForDeploymentPostprocessing = 0;
		};
/* End PBXResourcesBuildPhase section */

/* Begin PBXSourcesBuildPhase section */
		7A5DB5BE1C2F358D00A45822 /* Sources */ = {
			isa = PBXSourcesBuildPhase;
			buildActionMask = 2147483647;
			files = (
				7ACB43DA1C329E8D00497192 /* ViewController.swift in Sources */,
				7ACB43D61C329E8D00497192 /* AppDelegate.swift in Sources */,
			);
			runOnlyForDeploymentPostprocessing = 0;
		};
		7A9B01401A4979EA002F134A /* Sources */ = {
			isa = PBXSourcesBuildPhase;
			buildActionMask = 2147483647;
			files = (
				7A9B014C1A4979EA002F134A /* ViewController.swift in Sources */,
				7A9B014A1A4979EA002F134A /* AppDelegate.swift in Sources */,
			);
			runOnlyForDeploymentPostprocessing = 0;
		};
/* End PBXSourcesBuildPhase section */

/* Begin PBXTargetDependency section */
		7A0122E21F8B90F600891362 /* PBXTargetDependency */ = {
			isa = PBXTargetDependency;
			name = WhereAmI;
			targetProxy = 7A0122E11F8B90F600891362 /* PBXContainerItemProxy */;
		};
		7A092A031EED9394007D03D7 /* PBXTargetDependency */ = {
			isa = PBXTargetDependency;
			name = WhereAmI;
			targetProxy = 7A092A021EED9394007D03D7 /* PBXContainerItemProxy */;
		};
/* End PBXTargetDependency section */

/* Begin PBXVariantGroup section */
		7A9B014D1A4979EA002F134A /* Main.storyboard */ = {
			isa = PBXVariantGroup;
			children = (
				7A9B014E1A4979EA002F134A /* Base */,
			);
			name = Main.storyboard;
			sourceTree = "<group>";
		};
		7A9B01521A4979EA002F134A /* LaunchScreen.xib */ = {
			isa = PBXVariantGroup;
			children = (
				7A9B01531A4979EA002F134A /* Base */,
			);
			name = LaunchScreen.xib;
			sourceTree = "<group>";
		};
		7ACB43D21C329E8D00497192 /* Main.storyboard */ = {
			isa = PBXVariantGroup;
			children = (
				7ACB43D31C329E8D00497192 /* Base */,
			);
			name = Main.storyboard;
			sourceTree = "<group>";
		};
/* End PBXVariantGroup section */

/* Begin XCBuildConfiguration section */
		7A5DB5CE1C2F358D00A45822 /* Debug */ = {
			isa = XCBuildConfiguration;
			buildSettings = {
				ALWAYS_EMBED_SWIFT_STANDARD_LIBRARIES = YES;
				ASSETCATALOG_COMPILER_APPICON_NAME = "App Icon & Top Shelf Image";
				ASSETCATALOG_COMPILER_LAUNCHIMAGE_NAME = LaunchImage;
				DEBUG_INFORMATION_FORMAT = dwarf;
				GCC_NO_COMMON_BLOCKS = YES;
				INFOPLIST_FILE = "tvOS Example/Info.plist";
				LD_RUNPATH_SEARCH_PATHS = "$(inherited) @executable_path/Frameworks";
				PRODUCT_BUNDLE_IDENTIFIER = "com.rivollier.tvOS-Example";
				PRODUCT_NAME = "$(TARGET_NAME)";
				SDKROOT = appletvos;
				SWIFT_VERSION = 5.0;
				TARGETED_DEVICE_FAMILY = 3;
				TVOS_DEPLOYMENT_TARGET = 9.0;
			};
			name = Debug;
		};
		7A5DB5CF1C2F358D00A45822 /* Release */ = {
			isa = XCBuildConfiguration;
			buildSettings = {
				ALWAYS_EMBED_SWIFT_STANDARD_LIBRARIES = YES;
				ASSETCATALOG_COMPILER_APPICON_NAME = "App Icon & Top Shelf Image";
				ASSETCATALOG_COMPILER_LAUNCHIMAGE_NAME = LaunchImage;
				COPY_PHASE_STRIP = NO;
				DEBUG_INFORMATION_FORMAT = "dwarf-with-dsym";
				GCC_NO_COMMON_BLOCKS = YES;
				INFOPLIST_FILE = "tvOS Example/Info.plist";
				LD_RUNPATH_SEARCH_PATHS = "$(inherited) @executable_path/Frameworks";
				PRODUCT_BUNDLE_IDENTIFIER = "com.rivollier.tvOS-Example";
				PRODUCT_NAME = "$(TARGET_NAME)";
				SDKROOT = appletvos;
				SWIFT_VERSION = 5.0;
				TARGETED_DEVICE_FAMILY = 3;
				TVOS_DEPLOYMENT_TARGET = 9.0;
			};
			name = Release;
		};
		7A9B01611A4979EA002F134A /* Debug */ = {
			isa = XCBuildConfiguration;
			buildSettings = {
				ALWAYS_SEARCH_USER_PATHS = NO;
				CLANG_ANALYZER_LOCALIZABILITY_NONLOCALIZED = YES;
				CLANG_CXX_LANGUAGE_STANDARD = "gnu++0x";
				CLANG_CXX_LIBRARY = "libc++";
				CLANG_ENABLE_MODULES = YES;
				CLANG_ENABLE_OBJC_ARC = YES;
				CLANG_WARN_BLOCK_CAPTURE_AUTORELEASING = YES;
				CLANG_WARN_BOOL_CONVERSION = YES;
				CLANG_WARN_COMMA = YES;
				CLANG_WARN_CONSTANT_CONVERSION = YES;
				CLANG_WARN_DEPRECATED_OBJC_IMPLEMENTATIONS = YES;
				CLANG_WARN_DIRECT_OBJC_ISA_USAGE = YES_ERROR;
				CLANG_WARN_EMPTY_BODY = YES;
				CLANG_WARN_ENUM_CONVERSION = YES;
				CLANG_WARN_INFINITE_RECURSION = YES;
				CLANG_WARN_INT_CONVERSION = YES;
				CLANG_WARN_NON_LITERAL_NULL_CONVERSION = YES;
				CLANG_WARN_OBJC_IMPLICIT_RETAIN_SELF = YES;
				CLANG_WARN_OBJC_LITERAL_CONVERSION = YES;
				CLANG_WARN_OBJC_ROOT_CLASS = YES_ERROR;
				CLANG_WARN_RANGE_LOOP_ANALYSIS = YES;
				CLANG_WARN_STRICT_PROTOTYPES = YES;
				CLANG_WARN_SUSPICIOUS_MOVE = YES;
				CLANG_WARN_UNREACHABLE_CODE = YES;
				CLANG_WARN__DUPLICATE_METHOD_MATCH = YES;
				"CODE_SIGN_IDENTITY[sdk=iphoneos*]" = "iPhone Developer";
				COPY_PHASE_STRIP = NO;
				ENABLE_BITCODE = YES;
				ENABLE_STRICT_OBJC_MSGSEND = YES;
				ENABLE_TESTABILITY = YES;
				GCC_C_LANGUAGE_STANDARD = gnu99;
				GCC_DYNAMIC_NO_PIC = NO;
				GCC_NO_COMMON_BLOCKS = YES;
				GCC_OPTIMIZATION_LEVEL = 0;
				GCC_PREPROCESSOR_DEFINITIONS = (
					"DEBUG=1",
					"$(inherited)",
				);
				GCC_SYMBOLS_PRIVATE_EXTERN = NO;
				GCC_WARN_64_TO_32_BIT_CONVERSION = YES;
				GCC_WARN_ABOUT_RETURN_TYPE = YES_ERROR;
				GCC_WARN_UNDECLARED_SELECTOR = YES;
				GCC_WARN_UNINITIALIZED_AUTOS = YES_AGGRESSIVE;
				GCC_WARN_UNUSED_FUNCTION = YES;
				GCC_WARN_UNUSED_VARIABLE = YES;
				IPHONEOS_DEPLOYMENT_TARGET = 8.1;
				MTL_ENABLE_DEBUG_INFO = YES;
				ONLY_ACTIVE_ARCH = YES;
				SDKROOT = iphoneos;
				SWIFT_OPTIMIZATION_LEVEL = "-Onone";
				SWIFT_VERSION = 5.0;
				TVOS_DEPLOYMENT_TARGET = 9.0;
				WATCHOS_DEPLOYMENT_TARGET = 2.0;
			};
			name = Debug;
		};
		7A9B01621A4979EA002F134A /* Release */ = {
			isa = XCBuildConfiguration;
			buildSettings = {
				ALWAYS_SEARCH_USER_PATHS = NO;
				CLANG_ANALYZER_LOCALIZABILITY_NONLOCALIZED = YES;
				CLANG_CXX_LANGUAGE_STANDARD = "gnu++0x";
				CLANG_CXX_LIBRARY = "libc++";
				CLANG_ENABLE_MODULES = YES;
				CLANG_ENABLE_OBJC_ARC = YES;
				CLANG_WARN_BLOCK_CAPTURE_AUTORELEASING = YES;
				CLANG_WARN_BOOL_CONVERSION = YES;
				CLANG_WARN_COMMA = YES;
				CLANG_WARN_CONSTANT_CONVERSION = YES;
				CLANG_WARN_DEPRECATED_OBJC_IMPLEMENTATIONS = YES;
				CLANG_WARN_DIRECT_OBJC_ISA_USAGE = YES_ERROR;
				CLANG_WARN_EMPTY_BODY = YES;
				CLANG_WARN_ENUM_CONVERSION = YES;
				CLANG_WARN_INFINITE_RECURSION = YES;
				CLANG_WARN_INT_CONVERSION = YES;
				CLANG_WARN_NON_LITERAL_NULL_CONVERSION = YES;
				CLANG_WARN_OBJC_IMPLICIT_RETAIN_SELF = YES;
				CLANG_WARN_OBJC_LITERAL_CONVERSION = YES;
				CLANG_WARN_OBJC_ROOT_CLASS = YES_ERROR;
				CLANG_WARN_RANGE_LOOP_ANALYSIS = YES;
				CLANG_WARN_STRICT_PROTOTYPES = YES;
				CLANG_WARN_SUSPICIOUS_MOVE = YES;
				CLANG_WARN_UNREACHABLE_CODE = YES;
				CLANG_WARN__DUPLICATE_METHOD_MATCH = YES;
				"CODE_SIGN_IDENTITY[sdk=iphoneos*]" = "iPhone Developer";
				COPY_PHASE_STRIP = YES;
				ENABLE_BITCODE = YES;
				ENABLE_NS_ASSERTIONS = NO;
				ENABLE_STRICT_OBJC_MSGSEND = YES;
				GCC_C_LANGUAGE_STANDARD = gnu99;
				GCC_NO_COMMON_BLOCKS = YES;
				GCC_WARN_64_TO_32_BIT_CONVERSION = YES;
				GCC_WARN_ABOUT_RETURN_TYPE = YES_ERROR;
				GCC_WARN_UNDECLARED_SELECTOR = YES;
				GCC_WARN_UNINITIALIZED_AUTOS = YES_AGGRESSIVE;
				GCC_WARN_UNUSED_FUNCTION = YES;
				GCC_WARN_UNUSED_VARIABLE = YES;
				IPHONEOS_DEPLOYMENT_TARGET = 8.1;
				MTL_ENABLE_DEBUG_INFO = NO;
				SDKROOT = iphoneos;
				SWIFT_OPTIMIZATION_LEVEL = "-Owholemodule";
				SWIFT_VERSION = 5.0;
				TVOS_DEPLOYMENT_TARGET = 9.0;
				VALIDATE_PRODUCT = YES;
				WATCHOS_DEPLOYMENT_TARGET = 2.0;
			};
			name = Release;
		};
		7A9B01641A4979EA002F134A /* Debug */ = {
			isa = XCBuildConfiguration;
			buildSettings = {
				ALWAYS_EMBED_SWIFT_STANDARD_LIBRARIES = YES;
				ASSETCATALOG_COMPILER_APPICON_NAME = AppIcon;
				ASSETCATALOG_COMPILER_LAUNCHIMAGE_NAME = LaunchImage;
				FRAMEWORK_SEARCH_PATHS = "$(inherited)";
				INFOPLIST_FILE = "Where Am I/Info.plist";
				IPHONEOS_DEPLOYMENT_TARGET = 8.0;
				LD_RUNPATH_SEARCH_PATHS = "$(inherited) @executable_path/Frameworks";
				PRODUCT_BUNDLE_IDENTIFIER = "com.rivollier.Where-Am-I-Demo";
				PRODUCT_NAME = "Where Am I Demo";
				SWIFT_VERSION = 5.0;
				TVOS_DEPLOYMENT_TARGET = 9.0;
				WATCHOS_DEPLOYMENT_TARGET = 2.0;
			};
			name = Debug;
		};
		7A9B01651A4979EA002F134A /* Release */ = {
			isa = XCBuildConfiguration;
			buildSettings = {
				ALWAYS_EMBED_SWIFT_STANDARD_LIBRARIES = YES;
				ASSETCATALOG_COMPILER_APPICON_NAME = AppIcon;
				ASSETCATALOG_COMPILER_LAUNCHIMAGE_NAME = LaunchImage;
				FRAMEWORK_SEARCH_PATHS = "$(inherited)";
				INFOPLIST_FILE = "Where Am I/Info.plist";
				IPHONEOS_DEPLOYMENT_TARGET = 8.0;
				LD_RUNPATH_SEARCH_PATHS = "$(inherited) @executable_path/Frameworks";
				PRODUCT_BUNDLE_IDENTIFIER = "com.rivollier.Where-Am-I-Demo";
				PRODUCT_NAME = "Where Am I Demo";
				SWIFT_VERSION = 5.0;
				TVOS_DEPLOYMENT_TARGET = 9.0;
				WATCHOS_DEPLOYMENT_TARGET = 2.0;
			};
			name = Release;
		};
/* End XCBuildConfiguration section */

/* Begin XCConfigurationList section */
		7A5DB5D31C2F358D00A45822 /* Build configuration list for PBXNativeTarget "tvOS Example" */ = {
			isa = XCConfigurationList;
			buildConfigurations = (
				7A5DB5CE1C2F358D00A45822 /* Debug */,
				7A5DB5CF1C2F358D00A45822 /* Release */,
			);
			defaultConfigurationIsVisible = 0;
			defaultConfigurationName = Release;
		};
		7A9B013F1A4979EA002F134A /* Build configuration list for PBXProject "Where Am I Demo" */ = {
			isa = XCConfigurationList;
			buildConfigurations = (
				7A9B01611A4979EA002F134A /* Debug */,
				7A9B01621A4979EA002F134A /* Release */,
			);
			defaultConfigurationIsVisible = 0;
			defaultConfigurationName = Release;
		};
		7A9B01631A4979EA002F134A /* Build configuration list for PBXNativeTarget "Where Am I Demo" */ = {
			isa = XCConfigurationList;
			buildConfigurations = (
				7A9B01641A4979EA002F134A /* Debug */,
				7A9B01651A4979EA002F134A /* Release */,
			);
			defaultConfigurationIsVisible = 0;
			defaultConfigurationName = Release;
		};
/* End XCConfigurationList section */
	};
	rootObject = 7A9B013C1A4979EA002F134A /* Project object */;
}
