// !$*UTF8*$!
{
	archiveVersion = 1;
	classes = {
	};
	objectVersion = 46;
	objects = {

/* Begin PBXBuildFile section */
		7A3650371AECEE0B001F98A8 /* WhereAmI.swift in Sources */ = {isa = PBXBuildFile; fileRef = 7A3650361AECEE0B001F98A8 /* WhereAmI.swift */; };
		7A5DB5BB1C2F2CD600A45822 /* WhereAmI.h in Headers */ = {isa = PBXBuildFile; fileRef = 7A8DACB21C2EFECD00781844 /* WhereAmI.h */; settings = {ATTRIBUTES = (Public, ); }; };
		7A5DB5BC1C2F2CDD00A45822 /* WhereAmI.swift in Sources */ = {isa = PBXBuildFile; fileRef = 7A3650361AECEE0B001F98A8 /* WhereAmI.swift */; };
		7A8DACB01C2EFE0A00781844 /* WhereAmI.swift in Sources */ = {isa = PBXBuildFile; fileRef = 7A3650361AECEE0B001F98A8 /* WhereAmI.swift */; };
		7A8DACB41C2EFECD00781844 /* WhereAmI.h in Headers */ = {isa = PBXBuildFile; fileRef = 7A8DACB21C2EFECD00781844 /* WhereAmI.h */; settings = {ATTRIBUTES = (Public, ); }; };
		7AF454C71C2F0E3C0066442E /* WhereAmI.h in Headers */ = {isa = PBXBuildFile; fileRef = 7A8DACB21C2EFECD00781844 /* WhereAmI.h */; settings = {ATTRIBUTES = (Public, ); }; };
/* End PBXBuildFile section */

/* Begin PBXFileReference section */
		7A36501A1AECED5A001F98A8 /* WhereAmI.framework */ = {isa = PBXFileReference; explicitFileType = wrapper.framework; includeInIndex = 0; path = WhereAmI.framework; sourceTree = BUILT_PRODUCTS_DIR; };
		7A3650361AECEE0B001F98A8 /* WhereAmI.swift */ = {isa = PBXFileReference; fileEncoding = 4; lastKnownFileType = sourcecode.swift; name = WhereAmI.swift; path = Source/WhereAmI.swift; sourceTree = SOURCE_ROOT; };
		7A5DB5B31C2F2C5100A45822 /* WhereAmI.framework */ = {isa = PBXFileReference; explicitFileType = wrapper.framework; includeInIndex = 0; path = WhereAmI.framework; sourceTree = BUILT_PRODUCTS_DIR; };
		7A8DACA71C2EFD0F00781844 /* WhereAmI.framework */ = {isa = PBXFileReference; explicitFileType = wrapper.framework; includeInIndex = 0; path = WhereAmI.framework; sourceTree = BUILT_PRODUCTS_DIR; };
		7A8DACB11C2EFECD00781844 /* Info.plist */ = {isa = PBXFileReference; fileEncoding = 4; lastKnownFileType = text.plist.xml; name = Info.plist; path = Framework/Info.plist; sourceTree = SOURCE_ROOT; };
		7A8DACB21C2EFECD00781844 /* WhereAmI.h */ = {isa = PBXFileReference; fileEncoding = 4; lastKnownFileType = sourcecode.c.h; name = WhereAmI.h; path = Framework/WhereAmI.h; sourceTree = SOURCE_ROOT; };
/* End PBXFileReference section */

/* Begin PBXFrameworksBuildPhase section */
		7A3650161AECED5A001F98A8 /* Frameworks */ = {
			isa = PBXFrameworksBuildPhase;
			buildActionMask = 2147483647;
			files = (
			);
			runOnlyForDeploymentPostprocessing = 0;
		};
		7A5DB5AF1C2F2C5100A45822 /* Frameworks */ = {
			isa = PBXFrameworksBuildPhase;
			buildActionMask = 2147483647;
			files = (
			);
			runOnlyForDeploymentPostprocessing = 0;
		};
		7A8DACA31C2EFD0F00781844 /* Frameworks */ = {
			isa = PBXFrameworksBuildPhase;
			buildActionMask = 2147483647;
			files = (
			);
			runOnlyForDeploymentPostprocessing = 0;
		};
/* End PBXFrameworksBuildPhase section */

/* Begin PBXGroup section */
		7A3650101AECED5A001F98A8 = {
			isa = PBXGroup;
			children = (
				7A36501D1AECED5A001F98A8 /* Supporting Files */,
				7A36501C1AECED5A001F98A8 /* Source */,
				7A36501B1AECED5A001F98A8 /* Products */,
			);
			sourceTree = "<group>";
		};
		7A36501B1AECED5A001F98A8 /* Products */ = {
			isa = PBXGroup;
			children = (
				7A36501A1AECED5A001F98A8 /* WhereAmI.framework */,
				7A8DACA71C2EFD0F00781844 /* WhereAmI.framework */,
				7A5DB5B31C2F2C5100A45822 /* WhereAmI.framework */,
			);
			name = Products;
			sourceTree = "<group>";
		};
		7A36501C1AECED5A001F98A8 /* Source */ = {
			isa = PBXGroup;
			children = (
				7A3650361AECEE0B001F98A8 /* WhereAmI.swift */,
			);
			name = Source;
			path = WhereAmI;
			sourceTree = "<group>";
		};
		7A36501D1AECED5A001F98A8 /* Supporting Files */ = {
			isa = PBXGroup;
			children = (
				7A8DACB11C2EFECD00781844 /* Info.plist */,
				7A8DACB21C2EFECD00781844 /* WhereAmI.h */,
			);
			name = "Supporting Files";
			path = WhereAmI;
			sourceTree = "<group>";
		};
/* End PBXGroup section */

/* Begin PBXHeadersBuildPhase section */
		7A3650171AECED5A001F98A8 /* Headers */ = {
			isa = PBXHeadersBuildPhase;
			buildActionMask = 2147483647;
			files = (
				7A8DACB41C2EFECD00781844 /* WhereAmI.h in Headers */,
			);
			runOnlyForDeploymentPostprocessing = 0;
		};
		7A5DB5B01C2F2C5100A45822 /* Headers */ = {
			isa = PBXHeadersBuildPhase;
			buildActionMask = 2147483647;
			files = (
				7A5DB5BB1C2F2CD600A45822 /* WhereAmI.h in Headers */,
			);
			runOnlyForDeploymentPostprocessing = 0;
		};
		7A8DACA41C2EFD0F00781844 /* Headers */ = {
			isa = PBXHeadersBuildPhase;
			buildActionMask = 2147483647;
			files = (
				7AF454C71C2F0E3C0066442E /* WhereAmI.h in Headers */,
			);
			runOnlyForDeploymentPostprocessing = 0;
		};
/* End PBXHeadersBuildPhase section */

/* Begin PBXNativeTarget section */
		7A3650191AECED5A001F98A8 /* WhereAmI */ = {
			isa = PBXNativeTarget;
			buildConfigurationList = 7A3650301AECED5A001F98A8 /* Build configuration list for PBXNativeTarget "WhereAmI" */;
			buildPhases = (
				7A3650151AECED5A001F98A8 /* Sources */,
				7A3650161AECED5A001F98A8 /* Frameworks */,
				7A3650171AECED5A001F98A8 /* Headers */,
				7A3650181AECED5A001F98A8 /* Resources */,
			);
			buildRules = (
			);
			dependencies = (
			);
			name = WhereAmI;
			productName = WhereAmI;
			productReference = 7A36501A1AECED5A001F98A8 /* WhereAmI.framework */;
			productType = "com.apple.product-type.framework";
		};
		7A5DB5B21C2F2C5100A45822 /* WhereAmI tvOS */ = {
			isa = PBXNativeTarget;
			buildConfigurationList = 7A5DB5B81C2F2C5100A45822 /* Build configuration list for PBXNativeTarget "WhereAmI tvOS" */;
			buildPhases = (
				7A5DB5AE1C2F2C5100A45822 /* Sources */,
				7A5DB5AF1C2F2C5100A45822 /* Frameworks */,
				7A5DB5B01C2F2C5100A45822 /* Headers */,
				7A5DB5B11C2F2C5100A45822 /* Resources */,
			);
			buildRules = (
			);
			dependencies = (
			);
			name = "WhereAmI tvOS";
			productName = "WhereAmI tvOS";
			productReference = 7A5DB5B31C2F2C5100A45822 /* WhereAmI.framework */;
			productType = "com.apple.product-type.framework";
		};
		7A8DACA61C2EFD0F00781844 /* WhereAmI watchOS */ = {
			isa = PBXNativeTarget;
			buildConfigurationList = 7A8DACAC1C2EFD0F00781844 /* Build configuration list for PBXNativeTarget "WhereAmI watchOS" */;
			buildPhases = (
				7A8DACA21C2EFD0F00781844 /* Sources */,
				7A8DACA31C2EFD0F00781844 /* Frameworks */,
				7A8DACA41C2EFD0F00781844 /* Headers */,
				7A8DACA51C2EFD0F00781844 /* Resources */,
			);
			buildRules = (
			);
			dependencies = (
			);
			name = "WhereAmI watchOS";
			productName = "WhereAmI watchOS";
			productReference = 7A8DACA71C2EFD0F00781844 /* WhereAmI.framework */;
			productType = "com.apple.product-type.framework";
		};
/* End PBXNativeTarget section */

/* Begin PBXProject section */
		7A3650111AECED5A001F98A8 /* Project object */ = {
			isa = PBXProject;
			attributes = {
				LastSwiftUpdateCheck = 0700;
				LastUpgradeCheck = 0720;
				ORGANIZATIONNAME = "Romain Rivollier";
				TargetAttributes = {
					7A3650191AECED5A001F98A8 = {
						CreatedOnToolsVersion = 6.3.1;
					};
					7A5DB5B21C2F2C5100A45822 = {
						CreatedOnToolsVersion = 7.2;
					};
					7A8DACA61C2EFD0F00781844 = {
						CreatedOnToolsVersion = 7.2;
					};
				};
			};
			buildConfigurationList = 7A3650141AECED5A001F98A8 /* Build configuration list for PBXProject "WhereAmI" */;
			compatibilityVersion = "Xcode 3.2";
			developmentRegion = English;
			hasScannedForEncodings = 0;
			knownRegions = (
				en,
			);
			mainGroup = 7A3650101AECED5A001F98A8;
			productRefGroup = 7A36501B1AECED5A001F98A8 /* Products */;
			projectDirPath = "";
			projectRoot = "";
			targets = (
				7A3650191AECED5A001F98A8 /* WhereAmI */,
				7A8DACA61C2EFD0F00781844 /* WhereAmI watchOS */,
				7A5DB5B21C2F2C5100A45822 /* WhereAmI tvOS */,
			);
		};
/* End PBXProject section */

/* Begin PBXResourcesBuildPhase section */
		7A3650181AECED5A001F98A8 /* Resources */ = {
			isa = PBXResourcesBuildPhase;
			buildActionMask = 2147483647;
			files = (
			);
			runOnlyForDeploymentPostprocessing = 0;
		};
		7A5DB5B11C2F2C5100A45822 /* Resources */ = {
			isa = PBXResourcesBuildPhase;
			buildActionMask = 2147483647;
			files = (
			);
			runOnlyForDeploymentPostprocessing = 0;
		};
		7A8DACA51C2EFD0F00781844 /* Resources */ = {
			isa = PBXResourcesBuildPhase;
			buildActionMask = 2147483647;
			files = (
			);
			runOnlyForDeploymentPostprocessing = 0;
		};
/* End PBXResourcesBuildPhase section */

/* Begin PBXSourcesBuildPhase section */
		7A3650151AECED5A001F98A8 /* Sources */ = {
			isa = PBXSourcesBuildPhase;
			buildActionMask = 2147483647;
			files = (
				7A3650371AECEE0B001F98A8 /* WhereAmI.swift in Sources */,
			);
			runOnlyForDeploymentPostprocessing = 0;
		};
		7A5DB5AE1C2F2C5100A45822 /* Sources */ = {
			isa = PBXSourcesBuildPhase;
			buildActionMask = 2147483647;
			files = (
				7A5DB5BC1C2F2CDD00A45822 /* WhereAmI.swift in Sources */,
			);
			runOnlyForDeploymentPostprocessing = 0;
		};
		7A8DACA21C2EFD0F00781844 /* Sources */ = {
			isa = PBXSourcesBuildPhase;
			buildActionMask = 2147483647;
			files = (
				7A8DACB01C2EFE0A00781844 /* WhereAmI.swift in Sources */,
			);
			runOnlyForDeploymentPostprocessing = 0;
		};
/* End PBXSourcesBuildPhase section */

/* Begin XCBuildConfiguration section */
		7A36502E1AECED5A001F98A8 /* Debug */ = {
			isa = XCBuildConfiguration;
			buildSettings = {
				ALWAYS_SEARCH_USER_PATHS = NO;
				APPLICATION_EXTENSION_API_ONLY = YES;
				CLANG_CXX_LANGUAGE_STANDARD = "gnu++0x";
				CLANG_CXX_LIBRARY = "libc++";
				CLANG_ENABLE_MODULES = YES;
				CLANG_ENABLE_OBJC_ARC = YES;
				CLANG_WARN_BOOL_CONVERSION = YES;
				CLANG_WARN_CONSTANT_CONVERSION = YES;
				CLANG_WARN_DIRECT_OBJC_ISA_USAGE = YES_ERROR;
				CLANG_WARN_EMPTY_BODY = YES;
				CLANG_WARN_ENUM_CONVERSION = YES;
				CLANG_WARN_INT_CONVERSION = YES;
				CLANG_WARN_OBJC_ROOT_CLASS = YES_ERROR;
				CLANG_WARN_UNREACHABLE_CODE = YES;
				CLANG_WARN__DUPLICATE_METHOD_MATCH = YES;
				CODE_SIGN_IDENTITY = "iPhone Developer";
				"CODE_SIGN_IDENTITY[sdk=iphoneos*]" = "iPhone Developer";
				COPY_PHASE_STRIP = NO;
				CURRENT_PROJECT_VERSION = 1;
				DEBUG_INFORMATION_FORMAT = "dwarf-with-dsym";
				ENABLE_BITCODE = YES;
				ENABLE_STRICT_OBJC_MSGSEND = YES;
				ENABLE_TESTABILITY = YES;
				GCC_C_LANGUAGE_STANDARD = gnu99;
				GCC_DYNAMIC_NO_PIC = NO;
				GCC_NO_COMMON_BLOCKS = YES;
				GCC_OPTIMIZATION_LEVEL = 0;
				GCC_PREPROCESSOR_DEFINITIONS = (
					"DEBUG=1",
					"$(inherited)",
				);
				GCC_SYMBOLS_PRIVATE_EXTERN = NO;
				GCC_WARN_64_TO_32_BIT_CONVERSION = YES;
				GCC_WARN_ABOUT_RETURN_TYPE = YES_ERROR;
				GCC_WARN_UNDECLARED_SELECTOR = YES;
				GCC_WARN_UNINITIALIZED_AUTOS = YES_AGGRESSIVE;
				GCC_WARN_UNUSED_FUNCTION = YES;
				GCC_WARN_UNUSED_VARIABLE = YES;
				IPHONEOS_DEPLOYMENT_TARGET = 8.0;
				MTL_ENABLE_DEBUG_INFO = YES;
				ONLY_ACTIVE_ARCH = YES;
				SDKROOT = iphoneos;
				SWIFT_OPTIMIZATION_LEVEL = "-Onone";
				TARGETED_DEVICE_FAMILY = "1,2";
				TVOS_DEPLOYMENT_TARGET = 9.0;
				VERSIONING_SYSTEM = "apple-generic";
				VERSION_INFO_PREFIX = "";
				WATCHOS_DEPLOYMENT_TARGET = 2.0;
			};
			name = Debug;
		};
		7A36502F1AECED5A001F98A8 /* Release */ = {
			isa = XCBuildConfiguration;
			buildSettings = {
				ALWAYS_SEARCH_USER_PATHS = NO;
				APPLICATION_EXTENSION_API_ONLY = YES;
				CLANG_CXX_LANGUAGE_STANDARD = "gnu++0x";
				CLANG_CXX_LIBRARY = "libc++";
				CLANG_ENABLE_MODULES = YES;
				CLANG_ENABLE_OBJC_ARC = YES;
				CLANG_WARN_BOOL_CONVERSION = YES;
				CLANG_WARN_CONSTANT_CONVERSION = YES;
				CLANG_WARN_DIRECT_OBJC_ISA_USAGE = YES_ERROR;
				CLANG_WARN_EMPTY_BODY = YES;
				CLANG_WARN_ENUM_CONVERSION = YES;
				CLANG_WARN_INT_CONVERSION = YES;
				CLANG_WARN_OBJC_ROOT_CLASS = YES_ERROR;
				CLANG_WARN_UNREACHABLE_CODE = YES;
				CLANG_WARN__DUPLICATE_METHOD_MATCH = YES;
				CODE_SIGN_IDENTITY = "iPhone Developer";
				"CODE_SIGN_IDENTITY[sdk=iphoneos*]" = "iPhone Developer";
				COPY_PHASE_STRIP = NO;
				CURRENT_PROJECT_VERSION = 1;
				DEBUG_INFORMATION_FORMAT = "dwarf-with-dsym";
				ENABLE_BITCODE = YES;
				ENABLE_NS_ASSERTIONS = NO;
				ENABLE_STRICT_OBJC_MSGSEND = YES;
				GCC_C_LANGUAGE_STANDARD = gnu99;
				GCC_NO_COMMON_BLOCKS = YES;
				GCC_WARN_64_TO_32_BIT_CONVERSION = YES;
				GCC_WARN_ABOUT_RETURN_TYPE = YES_ERROR;
				GCC_WARN_UNDECLARED_SELECTOR = YES;
				GCC_WARN_UNINITIALIZED_AUTOS = YES_AGGRESSIVE;
				GCC_WARN_UNUSED_FUNCTION = YES;
				GCC_WARN_UNUSED_VARIABLE = YES;
				IPHONEOS_DEPLOYMENT_TARGET = 8.0;
				MTL_ENABLE_DEBUG_INFO = NO;
				SDKROOT = iphoneos;
				TARGETED_DEVICE_FAMILY = "1,2";
				TVOS_DEPLOYMENT_TARGET = 9.0;
				VALIDATE_PRODUCT = YES;
				VERSIONING_SYSTEM = "apple-generic";
				VERSION_INFO_PREFIX = "";
				WATCHOS_DEPLOYMENT_TARGET = 2.0;
			};
			name = Release;
		};
		7A3650311AECED5A001F98A8 /* Debug */ = {
			isa = XCBuildConfiguration;
			buildSettings = {
				APPLICATION_EXTENSION_API_ONLY = YES;
				CODE_SIGN_IDENTITY = "iPhone Developer";
				DEFINES_MODULE = YES;
				DYLIB_COMPATIBILITY_VERSION = 1;
				DYLIB_CURRENT_VERSION = 1;
				DYLIB_INSTALL_NAME_BASE = "@rpath";
				INFOPLIST_FILE = ./Framework/Info.plist;
				INSTALL_PATH = "$(LOCAL_LIBRARY_DIR)/Frameworks";
				LD_RUNPATH_SEARCH_PATHS = "$(inherited) @executable_path/Frameworks @loader_path/Frameworks";
				PRODUCT_BUNDLE_IDENTIFIER = com.rivollier.WhereAmI;
				PRODUCT_NAME = WhereAmI;
				SKIP_INSTALL = YES;
				TARGETED_DEVICE_FAMILY = "1,2";
			};
			name = Debug;
		};
		7A3650321AECED5A001F98A8 /* Release */ = {
			isa = XCBuildConfiguration;
			buildSettings = {
				APPLICATION_EXTENSION_API_ONLY = YES;
				CODE_SIGN_IDENTITY = "iPhone Developer";
				DEFINES_MODULE = YES;
				DYLIB_COMPATIBILITY_VERSION = 1;
				DYLIB_CURRENT_VERSION = 1;
				DYLIB_INSTALL_NAME_BASE = "@rpath";
				INFOPLIST_FILE = ./Framework/Info.plist;
				INSTALL_PATH = "$(LOCAL_LIBRARY_DIR)/Frameworks";
				LD_RUNPATH_SEARCH_PATHS = "$(inherited) @executable_path/Frameworks @loader_path/Frameworks";
				PRODUCT_BUNDLE_IDENTIFIER = com.rivollier.WhereAmI;
				PRODUCT_NAME = WhereAmI;
				SKIP_INSTALL = YES;
				TARGETED_DEVICE_FAMILY = "1,2";
			};
			name = Release;
		};
		7A5DB5B91C2F2C5100A45822 /* Debug */ = {
			isa = XCBuildConfiguration;
			buildSettings = {
				APPLICATION_EXTENSION_API_ONLY = YES;
				DEBUG_INFORMATION_FORMAT = dwarf;
				DEFINES_MODULE = YES;
				DYLIB_COMPATIBILITY_VERSION = 1;
				DYLIB_CURRENT_VERSION = 1;
				DYLIB_INSTALL_NAME_BASE = "@rpath";
				INFOPLIST_FILE = ./Framework/Info.plist;
				INSTALL_PATH = "$(LOCAL_LIBRARY_DIR)/Frameworks";
				LD_RUNPATH_SEARCH_PATHS = "$(inherited) @executable_path/Frameworks @loader_path/Frameworks";
				PRODUCT_BUNDLE_IDENTIFIER = "com.rivollier.WhereAmI-tvOS";
				PRODUCT_NAME = WhereAmI;
				SDKROOT = appletvos;
				SKIP_INSTALL = YES;
				TARGETED_DEVICE_FAMILY = 3;
				TVOS_DEPLOYMENT_TARGET = 9.0;
			};
			name = Debug;
		};
		7A5DB5BA1C2F2C5100A45822 /* Release */ = {
			isa = XCBuildConfiguration;
			buildSettings = {
				APPLICATION_EXTENSION_API_ONLY = YES;
				DEFINES_MODULE = YES;
				DYLIB_COMPATIBILITY_VERSION = 1;
				DYLIB_CURRENT_VERSION = 1;
				DYLIB_INSTALL_NAME_BASE = "@rpath";
				INFOPLIST_FILE = ./Framework/Info.plist;
				INSTALL_PATH = "$(LOCAL_LIBRARY_DIR)/Frameworks";
				LD_RUNPATH_SEARCH_PATHS = "$(inherited) @executable_path/Frameworks @loader_path/Frameworks";
				PRODUCT_BUNDLE_IDENTIFIER = "com.rivollier.WhereAmI-tvOS";
				PRODUCT_NAME = WhereAmI;
				SDKROOT = appletvos;
				SKIP_INSTALL = YES;
				TARGETED_DEVICE_FAMILY = 3;
				TVOS_DEPLOYMENT_TARGET = 9.0;
			};
			name = Release;
		};
		7A8DACAD1C2EFD0F00781844 /* Debug */ = {
			isa = XCBuildConfiguration;
			buildSettings = {
				APPLICATION_EXTENSION_API_ONLY = YES;
				DEBUG_INFORMATION_FORMAT = dwarf;
				DEFINES_MODULE = YES;
				DYLIB_COMPATIBILITY_VERSION = 1;
				DYLIB_CURRENT_VERSION = 1;
				DYLIB_INSTALL_NAME_BASE = "@rpath";
				INFOPLIST_FILE = ./Framework/Info.plist;
				INSTALL_PATH = "$(LOCAL_LIBRARY_DIR)/Frameworks";
				LD_RUNPATH_SEARCH_PATHS = "$(inherited) @executable_path/Frameworks @loader_path/Frameworks";
				PRODUCT_BUNDLE_IDENTIFIER = "com.rivollier.WhereAmI-watchOS";
				PRODUCT_NAME = WhereAmI;
				SDKROOT = watchos;
				SKIP_INSTALL = YES;
				TARGETED_DEVICE_FAMILY = 4;
				WATCHOS_DEPLOYMENT_TARGET = 2.0;
			};
			name = Debug;
		};
		7A8DACAE1C2EFD0F00781844 /* Release */ = {
			isa = XCBuildConfiguration;
			buildSettings = {
				APPLICATION_EXTENSION_API_ONLY = YES;
				DEFINES_MODULE = YES;
				DYLIB_COMPATIBILITY_VERSION = 1;
				DYLIB_CURRENT_VERSION = 1;
				DYLIB_INSTALL_NAME_BASE = "@rpath";
				INFOPLIST_FILE = ./Framework/Info.plist;
				INSTALL_PATH = "$(LOCAL_LIBRARY_DIR)/Frameworks";
				LD_RUNPATH_SEARCH_PATHS = "$(inherited) @executable_path/Frameworks @loader_path/Frameworks";
				PRODUCT_BUNDLE_IDENTIFIER = "com.rivollier.WhereAmI-watchOS";
				PRODUCT_NAME = WhereAmI;
				SDKROOT = watchos;
				SKIP_INSTALL = YES;
				TARGETED_DEVICE_FAMILY = 4;
				WATCHOS_DEPLOYMENT_TARGET = 2.0;
			};
			name = Release;
		};
/* End XCBuildConfiguration section */

/* Begin XCConfigurationList section */
		7A3650141AECED5A001F98A8 /* Build configuration list for PBXProject "WhereAmI" */ = {
			isa = XCConfigurationList;
			buildConfigurations = (
				7A36502E1AECED5A001F98A8 /* Debug */,
				7A36502F1AECED5A001F98A8 /* Release */,
			);
			defaultConfigurationIsVisible = 0;
			defaultConfigurationName = Release;
		};
		7A3650301AECED5A001F98A8 /* Build configuration list for PBXNativeTarget "WhereAmI" */ = {
			isa = XCConfigurationList;
			buildConfigurations = (
				7A3650311AECED5A001F98A8 /* Debug */,
				7A3650321AECED5A001F98A8 /* Release */,
			);
			defaultConfigurationIsVisible = 0;
			defaultConfigurationName = Release;
		};
		7A5DB5B81C2F2C5100A45822 /* Build configuration list for PBXNativeTarget "WhereAmI tvOS" */ = {
			isa = XCConfigurationList;
			buildConfigurations = (
				7A5DB5B91C2F2C5100A45822 /* Debug */,
				7A5DB5BA1C2F2C5100A45822 /* Release */,
			);
			defaultConfigurationIsVisible = 0;
			defaultConfigurationName = Release;
		};
		7A8DACAC1C2EFD0F00781844 /* Build configuration list for PBXNativeTarget "WhereAmI watchOS" */ = {
			isa = XCConfigurationList;
			buildConfigurations = (
				7A8DACAD1C2EFD0F00781844 /* Debug */,
				7A8DACAE1C2EFD0F00781844 /* Release */,
			);
			defaultConfigurationIsVisible = 0;
			defaultConfigurationName = Release;
		};
/* End XCConfigurationList section */
	};
	rootObject = 7A3650111AECED5A001F98A8 /* Project object */;
}
